// !$*UTF8*$!
{
	archiveVersion = 1;
	classes = {
	};
	objectVersion = 51;
	objects = {

/* Begin PBXBuildFile section */
		38550CC1993223B688D9F985 /* Pods_MantisSwiftUIExample.framework in Frameworks */ = {isa = PBXBuildFile; fileRef = D522526BBC7FB0BCB92F0553 /* Pods_MantisSwiftUIExample.framework */; };
		5F5266B3263B490400615369 /* MantisSwiftUIExampleApp.swift in Sources */ = {isa = PBXBuildFile; fileRef = 5F5266B2263B490400615369 /* MantisSwiftUIExampleApp.swift */; };
		5F5266B5263B490400615369 /* ContentView.swift in Sources */ = {isa = PBXBuildFile; fileRef = 5F5266B4263B490400615369 /* ContentView.swift */; };
		5F5266B7263B490500615369 /* Assets.xcassets in Resources */ = {isa = PBXBuildFile; fileRef = 5F5266B6263B490500615369 /* Assets.xcassets */; };
		5F5266BA263B490500615369 /* Preview Assets.xcassets in Resources */ = {isa = PBXBuildFile; fileRef = 5F5266B9263B490500615369 /* Preview Assets.xcassets */; };
/* End PBXBuildFile section */

/* Begin PBXFileReference section */
		314E15DC6FC372D8CA0DCF12 /* Pods-MantisSwiftUIExample.debug.xcconfig */ = {isa = PBXFileReference; includeInIndex = 1; lastKnownFileType = text.xcconfig; name = "Pods-MantisSwiftUIExample.debug.xcconfig"; path = "Target Support Files/Pods-MantisSwiftUIExample/Pods-MantisSwiftUIExample.debug.xcconfig"; sourceTree = "<group>"; };
		5F5266AF263B490400615369 /* MantisSwiftUIExample.app */ = {isa = PBXFileReference; explicitFileType = wrapper.application; includeInIndex = 0; path = MantisSwiftUIExample.app; sourceTree = BUILT_PRODUCTS_DIR; };
		5F5266B2263B490400615369 /* MantisSwiftUIExampleApp.swift */ = {isa = PBXFileReference; lastKnownFileType = sourcecode.swift; path = MantisSwiftUIExampleApp.swift; sourceTree = "<group>"; };
		5F5266B4263B490400615369 /* ContentView.swift */ = {isa = PBXFileReference; lastKnownFileType = sourcecode.swift; path = ContentView.swift; sourceTree = "<group>"; };
		5F5266B6263B490500615369 /* Assets.xcassets */ = {isa = PBXFileReference; lastKnownFileType = folder.assetcatalog; path = Assets.xcassets; sourceTree = "<group>"; };
		5F5266B9263B490500615369 /* Preview Assets.xcassets */ = {isa = PBXFileReference; lastKnownFileType = folder.assetcatalog; path = "Preview Assets.xcassets"; sourceTree = "<group>"; };
		5F5266BB263B490500615369 /* Info.plist */ = {isa = PBXFileReference; lastKnownFileType = text.plist.xml; path = Info.plist; sourceTree = "<group>"; };
		7B97999EBC5EA043ADD0C5B3 /* Pods-MantisSwiftUIExample.release.xcconfig */ = {isa = PBXFileReference; includeInIndex = 1; lastKnownFileType = text.xcconfig; name = "Pods-MantisSwiftUIExample.release.xcconfig"; path = "Target Support Files/Pods-MantisSwiftUIExample/Pods-MantisSwiftUIExample.release.xcconfig"; sourceTree = "<group>"; };
		D522526BBC7FB0BCB92F0553 /* Pods_MantisSwiftUIExample.framework */ = {isa = PBXFileReference; explicitFileType = wrapper.framework; includeInIndex = 0; path = Pods_MantisSwiftUIExample.framework; sourceTree = BUILT_PRODUCTS_DIR; };
/* End PBXFileReference section */

/* Begin PBXFrameworksBuildPhase section */
		5F5266AC263B490400615369 /* Frameworks */ = {
			isa = PBXFrameworksBuildPhase;
			buildActionMask = 2147483647;
			files = (
				38550CC1993223B688D9F985 /* Pods_MantisSwiftUIExample.framework in Frameworks */,
			);
			runOnlyForDeploymentPostprocessing = 0;
		};
/* End PBXFrameworksBuildPhase section */

/* Begin PBXGroup section */
		5F5266A6263B490400615369 = {
			isa = PBXGroup;
			children = (
				5F5266B1263B490400615369 /* MantisSwiftUIExample */,
				5F5266B0263B490400615369 /* Products */,
				E819AC533891B6E45B1F8361 /* Pods */,
				8872FBB3C9F016A291C8B7D9 /* Frameworks */,
			);
			sourceTree = "<group>";
		};
		5F5266B0263B490400615369 /* Products */ = {
			isa = PBXGroup;
			children = (
				5F5266AF263B490400615369 /* MantisSwiftUIExample.app */,
			);
			name = Products;
			sourceTree = "<group>";
		};
		5F5266B1263B490400615369 /* MantisSwiftUIExample */ = {
			isa = PBXGroup;
			children = (
				5F5266B2263B490400615369 /* MantisSwiftUIExampleApp.swift */,
				5F5266B4263B490400615369 /* ContentView.swift */,
				5F5266B6263B490500615369 /* Assets.xcassets */,
				5F5266BB263B490500615369 /* Info.plist */,
				5F5266B8263B490500615369 /* Preview Content */,
			);
			path = MantisSwiftUIExample;
			sourceTree = "<group>";
		};
		5F5266B8263B490500615369 /* Preview Content */ = {
			isa = PBXGroup;
			children = (
				5F5266B9263B490500615369 /* Preview Assets.xcassets */,
			);
			path = "Preview Content";
			sourceTree = "<group>";
		};
		8872FBB3C9F016A291C8B7D9 /* Frameworks */ = {
			isa = PBXGroup;
			children = (
				D522526BBC7FB0BCB92F0553 /* Pods_MantisSwiftUIExample.framework */,
			);
			name = Frameworks;
			sourceTree = "<group>";
		};
		E819AC533891B6E45B1F8361 /* Pods */ = {
			isa = PBXGroup;
			children = (
				314E15DC6FC372D8CA0DCF12 /* Pods-MantisSwiftUIExample.debug.xcconfig */,
				7B97999EBC5EA043ADD0C5B3 /* Pods-MantisSwiftUIExample.release.xcconfig */,
			);
			path = Pods;
			sourceTree = "<group>";
		};
/* End PBXGroup section */

/* Begin PBXNativeTarget section */
		5F5266AE263B490400615369 /* MantisSwiftUIExample */ = {
			isa = PBXNativeTarget;
			buildConfigurationList = 5F5266BE263B490500615369 /* Build configuration list for PBXNativeTarget "MantisSwiftUIExample" */;
			buildPhases = (
				FB1E77EAFBE03D4C41724AEC /* [CP] Check Pods Manifest.lock */,
				5F5266AB263B490400615369 /* Sources */,
				5F5266AC263B490400615369 /* Frameworks */,
				5F5266AD263B490400615369 /* Resources */,
				7DDA745B779DE5F5F5C67A78 /* [CP] Embed Pods Frameworks */,
			);
			buildRules = (
			);
			dependencies = (
			);
			name = MantisSwiftUIExample;
			productName = MantisSwiftUIExample;
			productReference = 5F5266AF263B490400615369 /* MantisSwiftUIExample.app */;
			productType = "com.apple.product-type.application";
		};
/* End PBXNativeTarget section */

/* Begin PBXProject section */
		5F5266A7263B490400615369 /* Project object */ = {
			isa = PBXProject;
			attributes = {
				LastSwiftUpdateCheck = 1240;
				LastUpgradeCheck = 1240;
				TargetAttributes = {
					5F5266AE263B490400615369 = {
						CreatedOnToolsVersion = 12.4;
					};
				};
			};
			buildConfigurationList = 5F5266AA263B490400615369 /* Build configuration list for PBXProject "MantisSwiftUIExample" */;
			compatibilityVersion = "Xcode 9.3";
			developmentRegion = en;
			hasScannedForEncodings = 0;
			knownRegions = (
				en,
				Base,
			);
			mainGroup = 5F5266A6263B490400615369;
			productRefGroup = 5F5266B0263B490400615369 /* Products */;
			projectDirPath = "";
			projectRoot = "";
			targets = (
				5F5266AE263B490400615369 /* MantisSwiftUIExample */,
			);
		};
/* End PBXProject section */

/* Begin PBXResourcesBuildPhase section */
		5F5266AD263B490400615369 /* Resources */ = {
			isa = PBXResourcesBuildPhase;
			buildActionMask = 2147483647;
			files = (
				5F5266BA263B490500615369 /* Preview Assets.xcassets in Resources */,
				5F5266B7263B490500615369 /* Assets.xcassets in Resources */,
			);
			runOnlyForDeploymentPostprocessing = 0;
		};
/* End PBXResourcesBuildPhase section */

/* Begin PBXShellScriptBuildPhase section */
		7DDA745B779DE5F5F5C67A78 /* [CP] Embed Pods Frameworks */ = {
			isa = PBXShellScriptBuildPhase;
			buildActionMask = 2147483647;
			files = (
			);
			inputFileListPaths = (
				"${PODS_ROOT}/Target Support Files/Pods-MantisSwiftUIExample/Pods-MantisSwiftUIExample-frameworks-${CONFIGURATION}-input-files.xcfilelist",
			);
			name = "[CP] Embed Pods Frameworks";
			outputFileListPaths = (
				"${PODS_ROOT}/Target Support Files/Pods-MantisSwiftUIExample/Pods-MantisSwiftUIExample-frameworks-${CONFIGURATION}-output-files.xcfilelist",
			);
			runOnlyForDeploymentPostprocessing = 0;
			shellPath = /bin/sh;
			shellScript = "\"${PODS_ROOT}/Target Support Files/Pods-MantisSwiftUIExample/Pods-MantisSwiftUIExample-frameworks.sh\"\n";
			showEnvVarsInLog = 0;
		};
		FB1E77EAFBE03D4C41724AEC /* [CP] Check Pods Manifest.lock */ = {
			isa = PBXShellScriptBuildPhase;
			buildActionMask = 2147483647;
			files = (
			);
			inputFileListPaths = (
			);
			inputPaths = (
				"${PODS_PODFILE_DIR_PATH}/Podfile.lock",
				"${PODS_ROOT}/Manifest.lock",
			);
			name = "[CP] Check Pods Manifest.lock";
			outputFileListPaths = (
			);
			outputPaths = (
				"$(DERIVED_FILE_DIR)/Pods-MantisSwiftUIExample-checkManifestLockResult.txt",
			);
			runOnlyForDeploymentPostprocessing = 0;
			shellPath = /bin/sh;
			shellScript = "diff \"${PODS_PODFILE_DIR_PATH}/Podfile.lock\" \"${PODS_ROOT}/Manifest.lock\" > /dev/null\nif [ $? != 0 ] ; then\n    # print error to STDERR\n    echo \"error: The sandbox is not in sync with the Podfile.lock. Run 'pod install' or update your CocoaPods installation.\" >&2\n    exit 1\nfi\n# This output is used by Xcode 'outputs' to avoid re-running this script phase.\necho \"SUCCESS\" > \"${SCRIPT_OUTPUT_FILE_0}\"\n";
			showEnvVarsInLog = 0;
		};
/* End PBXShellScriptBuildPhase section */

/* Begin PBXSourcesBuildPhase section */
		5F5266AB263B490400615369 /* Sources */ = {
			isa = PBXSourcesBuildPhase;
			buildActionMask = 2147483647;
			files = (
				5F5266B5263B490400615369 /* ContentView.swift in Sources */,
				5F5266B3263B490400615369 /* MantisSwiftUIExampleApp.swift in Sources */,
			);
			runOnlyForDeploymentPostprocessing = 0;
		};
/* End PBXSourcesBuildPhase section */

/* Begin XCBuildConfiguration section */
		5F5266BC263B490500615369 /* Debug */ = {
			isa = XCBuildConfiguration;
			buildSettings = {
				ALWAYS_SEARCH_USER_PATHS = NO;
				CLANG_ANALYZER_NONNULL = YES;
				CLANG_ANALYZER_NUMBER_OBJECT_CONVERSION = YES_AGGRESSIVE;
				CLANG_CXX_LANGUAGE_STANDARD = "gnu++14";
				CLANG_CXX_LIBRARY = "libc++";
				CLANG_ENABLE_MODULES = YES;
				CLANG_ENABLE_OBJC_ARC = YES;
				CLANG_ENABLE_OBJC_WEAK = YES;
				CLANG_WARN_BLOCK_CAPTURE_AUTORELEASING = YES;
				CLANG_WARN_BOOL_CONVERSION = YES;
				CLANG_WARN_COMMA = YES;
				CLANG_WARN_CONSTANT_CONVERSION = YES;
				CLANG_WARN_DEPRECATED_OBJC_IMPLEMENTATIONS = YES;
				CLANG_WARN_DIRECT_OBJC_ISA_USAGE = YES_ERROR;
				CLANG_WARN_DOCUMENTATION_COMMENTS = YES;
				CLANG_WARN_EMPTY_BODY = YES;
				CLANG_WARN_ENUM_CONVERSION = YES;
				CLANG_WARN_INFINITE_RECURSION = YES;
				CLANG_WARN_INT_CONVERSION = YES;
				CLANG_WARN_NON_LITERAL_NULL_CONVERSION = YES;
				CLANG_WARN_OBJC_IMPLICIT_RETAIN_SELF = YES;
				CLANG_WARN_OBJC_LITERAL_CONVERSION = YES;
				CLANG_WARN_OBJC_ROOT_CLASS = YES_ERROR;
				CLANG_WARN_QUOTED_INCLUDE_IN_FRAMEWORK_HEADER = YES;
				CLANG_WARN_RANGE_LOOP_ANALYSIS = YES;
				CLANG_WARN_STRICT_PROTOTYPES = YES;
				CLANG_WARN_SUSPICIOUS_MOVE = YES;
				CLANG_WARN_UNGUARDED_AVAILABILITY = YES_AGGRESSIVE;
				CLANG_WARN_UNREACHABLE_CODE = YES;
				CLANG_WARN__DUPLICATE_METHOD_MATCH = YES;
				COPY_PHASE_STRIP = NO;
				DEBUG_INFORMATION_FORMAT = dwarf;
				ENABLE_STRICT_OBJC_MSGSEND = YES;
				ENABLE_TESTABILITY = YES;
				GCC_C_LANGUAGE_STANDARD = gnu11;
				GCC_DYNAMIC_NO_PIC = NO;
				GCC_NO_COMMON_BLOCKS = YES;
				GCC_OPTIMIZATION_LEVEL = 0;
				GCC_PREPROCESSOR_DEFINITIONS = (
					"DEBUG=1",
					"$(inherited)",
				);
				GCC_WARN_64_TO_32_BIT_CONVERSION = YES;
				GCC_WARN_ABOUT_RETURN_TYPE = YES_ERROR;
				GCC_WARN_UNDECLARED_SELECTOR = YES;
				GCC_WARN_UNINITIALIZED_AUTOS = YES_AGGRESSIVE;
				GCC_WARN_UNUSED_FUNCTION = YES;
				GCC_WARN_UNUSED_VARIABLE = YES;
				IPHONEOS_DEPLOYMENT_TARGET = 14.4;
				MTL_ENABLE_DEBUG_INFO = INCLUDE_SOURCE;
				MTL_FAST_MATH = YES;
				ONLY_ACTIVE_ARCH = YES;
				SDKROOT = iphoneos;
				SWIFT_ACTIVE_COMPILATION_CONDITIONS = DEBUG;
				SWIFT_OPTIMIZATION_LEVEL = "-Onone";
			};
			name = Debug;
		};
		5F5266BD263B490500615369 /* Release */ = {
			isa = XCBuildConfiguration;
			buildSettings = {
				ALWAYS_SEARCH_USER_PATHS = NO;
				CLANG_ANALYZER_NONNULL = YES;
				CLANG_ANALYZER_NUMBER_OBJECT_CONVERSION = YES_AGGRESSIVE;
				CLANG_CXX_LANGUAGE_STANDARD = "gnu++14";
				CLANG_CXX_LIBRARY = "libc++";
				CLANG_ENABLE_MODULES = YES;
				CLANG_ENABLE_OBJC_ARC = YES;
				CLANG_ENABLE_OBJC_WEAK = YES;
				CLANG_WARN_BLOCK_CAPTURE_AUTORELEASING = YES;
				CLANG_WARN_BOOL_CONVERSION = YES;
				CLANG_WARN_COMMA = YES;
				CLANG_WARN_CONSTANT_CONVERSION = YES;
				CLANG_WARN_DEPRECATED_OBJC_IMPLEMENTATIONS = YES;
				CLANG_WARN_DIRECT_OBJC_ISA_USAGE = YES_ERROR;
				CLANG_WARN_DOCUMENTATION_COMMENTS = YES;
				CLANG_WARN_EMPTY_BODY = YES;
				CLANG_WARN_ENUM_CONVERSION = YES;
				CLANG_WARN_INFINITE_RECURSION = YES;
				CLANG_WARN_INT_CONVERSION = YES;
				CLANG_WARN_NON_LITERAL_NULL_CONVERSION = YES;
				CLANG_WARN_OBJC_IMPLICIT_RETAIN_SELF = YES;
				CLANG_WARN_OBJC_LITERAL_CONVERSION = YES;
				CLANG_WARN_OBJC_ROOT_CLASS = YES_ERROR;
				CLANG_WARN_QUOTED_INCLUDE_IN_FRAMEWORK_HEADER = YES;
				CLANG_WARN_RANGE_LOOP_ANALYSIS = YES;
				CLANG_WARN_STRICT_PROTOTYPES = YES;
				CLANG_WARN_SUSPICIOUS_MOVE = YES;
				CLANG_WARN_UNGUARDED_AVAILABILITY = YES_AGGRESSIVE;
				CLANG_WARN_UNREACHABLE_CODE = YES;
				CLANG_WARN__DUPLICATE_METHOD_MATCH = YES;
				COPY_PHASE_STRIP = NO;
				DEBUG_INFORMATION_FORMAT = "dwarf-with-dsym";
				ENABLE_NS_ASSERTIONS = NO;
				ENABLE_STRICT_OBJC_MSGSEND = YES;
				GCC_C_LANGUAGE_STANDARD = gnu11;
				GCC_NO_COMMON_BLOCKS = YES;
				GCC_WARN_64_TO_32_BIT_CONVERSION = YES;
				GCC_WARN_ABOUT_RETURN_TYPE = YES_ERROR;
				GCC_WARN_UNDECLARED_SELECTOR = YES;
				GCC_WARN_UNINITIALIZED_AUTOS = YES_AGGRESSIVE;
				GCC_WARN_UNUSED_FUNCTION = YES;
				GCC_WARN_UNUSED_VARIABLE = YES;
				IPHONEOS_DEPLOYMENT_TARGET = 14.4;
				MTL_ENABLE_DEBUG_INFO = NO;
				MTL_FAST_MATH = YES;
				SDKROOT = iphoneos;
				SWIFT_COMPILATION_MODE = wholemodule;
				SWIFT_OPTIMIZATION_LEVEL = "-O";
				VALIDATE_PRODUCT = YES;
			};
			name = Release;
		};
		5F5266BF263B490500615369 /* Debug */ = {
			isa = XCBuildConfiguration;
			baseConfigurationReference = 314E15DC6FC372D8CA0DCF12 /* Pods-MantisSwiftUIExample.debug.xcconfig */;
			buildSettings = {
				ASSETCATALOG_COMPILER_APPICON_NAME = AppIcon;
				ASSETCATALOG_COMPILER_GLOBAL_ACCENT_COLOR_NAME = AccentColor;
				CODE_SIGN_STYLE = Automatic;
				DEVELOPMENT_ASSET_PATHS = "\"MantisSwiftUIExample/Preview Content\"";
				DEVELOPMENT_TEAM = 3V26Q55U3S;
				ENABLE_PREVIEWS = YES;
				INFOPLIST_FILE = MantisSwiftUIExample/Info.plist;
				IPHONEOS_DEPLOYMENT_TARGET = 14.0;
				LD_RUNPATH_SEARCH_PATHS = (
					"$(inherited)",
					"@executable_path/Frameworks",
				);
				PRODUCT_BUNDLE_IDENTIFIER = com.echo.MantisSwiftUIExample;
				PRODUCT_NAME = "$(TARGET_NAME)";
				SWIFT_VERSION = 5.0;
				TARGETED_DEVICE_FAMILY = "1,2";
			};
			name = Debug;
		};
		5F5266C0263B490500615369 /* Release */ = {
			isa = XCBuildConfiguration;
			baseConfigurationReference = 7B97999EBC5EA043ADD0C5B3 /* Pods-MantisSwiftUIExample.release.xcconfig */;
			buildSettings = {
				ASSETCATALOG_COMPILER_APPICON_NAME = AppIcon;
				ASSETCATALOG_COMPILER_GLOBAL_ACCENT_COLOR_NAME = AccentColor;
				CODE_SIGN_STYLE = Automatic;
				DEVELOPMENT_ASSET_PATHS = "\"MantisSwiftUIExample/Preview Content\"";
				DEVELOPMENT_TEAM = 3V26Q55U3S;
				ENABLE_PREVIEWS = YES;
				INFOPLIST_FILE = MantisSwiftUIExample/Info.plist;
				IPHONEOS_DEPLOYMENT_TARGET = 14.0;
				LD_RUNPATH_SEARCH_PATHS = (
					"$(inherited)",
					"@executable_path/Frameworks",
				);
				PRODUCT_BUNDLE_IDENTIFIER = com.echo.MantisSwiftUIExample;
				PRODUCT_NAME = "$(TARGET_NAME)";
				SWIFT_VERSION = 5.0;
				TARGETED_DEVICE_FAMILY = "1,2";
			};
			name = Release;
		};
/* End XCBuildConfiguration section */

/* Begin XCConfigurationList section */
		5F5266AA263B490400615369 /* Build configuration list for PBXProject "MantisSwiftUIExample" */ = {
			isa = XCConfigurationList;
			buildConfigurations = (
				5F5266BC263B490500615369 /* Debug */,
				5F5266BD263B490500615369 /* Release */,
			);
			defaultConfigurationIsVisible = 0;
			defaultConfigurationName = Release;
		};
		5F5266BE263B490500615369 /* Build configuration list for PBXNativeTarget "MantisSwiftUIExample" */ = {
			isa = XCConfigurationList;
			buildConfigurations = (
				5F5266BF263B490500615369 /* Debug */,
				5F5266C0263B490500615369 /* Release */,
			);
			defaultConfigurationIsVisible = 0;
			defaultConfigurationName = Release;
		};
/* End XCConfigurationList section */
	};
	rootObject = 5F5266A7263B490400615369 /* Project object */;
}
