// !$*UTF8*$!
{
	archiveVersion = 1;
	classes = {
	};
	objectVersion = 50;
	objects = {

/* Begin PBXBuildFile section */
		5F0DD3592195244E00F9310B /* Mantis.framework in Frameworks */ = {isa = PBXBuildFile; fileRef = 5F0DD34F2195244E00F9310B /* Mantis.framework */; };
		5F0DD35E2195244E00F9310B /* MantisTests.swift in Sources */ = {isa = PBXBuildFile; fileRef = 5F0DD35D2195244E00F9310B /* MantisTests.swift */; };
		5F0DD3602195244E00F9310B /* Mantis.h in Headers */ = {isa = PBXBuildFile; fileRef = 5F0DD3522195244E00F9310B /* Mantis.h */; settings = {ATTRIBUTES = (Public, ); }; };
		5F0DD38A2195246E00F9310B /* AngleDashboard.swift in Sources */ = {isa = PBXBuildFile; fileRef = 5F0DD36B2195246E00F9310B /* AngleDashboard.swift */; };
		5F0DD38B2195246E00F9310B /* AngleDialPlate.swift in Sources */ = {isa = PBXBuildFile; fileRef = 5F0DD36C2195246E00F9310B /* AngleDialPlate.swift */; };
		5F0DD38C2195246E00F9310B /* Config.swift in Sources */ = {isa = PBXBuildFile; fileRef = 5F0DD36D2195246E00F9310B /* Config.swift */; };
		5F0DD38D2195246E00F9310B /* Mantis.swift in Sources */ = {isa = PBXBuildFile; fileRef = 5F0DD36E2195246E00F9310B /* Mantis.swift */; };
		5F0DD38E2195246E00F9310B /* CropToolbar.swift in Sources */ = {isa = PBXBuildFile; fileRef = 5F0DD3702195246E00F9310B /* CropToolbar.swift */; };
		5F0DD38F2195246E00F9310B /* RatioPresenter.swift in Sources */ = {isa = PBXBuildFile; fileRef = 5F0DD3712195246E00F9310B /* RatioPresenter.swift */; };
		5F0DD3902195246E00F9310B /* ToolBarButtonImageBuilder.swift in Sources */ = {isa = PBXBuildFile; fileRef = 5F0DD3722195246E00F9310B /* ToolBarButtonImageBuilder.swift */; };
		5F0DD3912195246E00F9310B /* FixedRatios.swift in Sources */ = {isa = PBXBuildFile; fileRef = 5F0DD3732195246E00F9310B /* FixedRatios.swift */; };
		5F0DD3922195246E00F9310B /* CropViewController.swift in Sources */ = {isa = PBXBuildFile; fileRef = 5F0DD3742195246E00F9310B /* CropViewController.swift */; };
		5F0DD3932195246E00F9310B /* CGImageExtensions.swift in Sources */ = {isa = PBXBuildFile; fileRef = 5F0DD3762195246E00F9310B /* CGImageExtensions.swift */; };
		5F0DD3942195246E00F9310B /* UIImageExtensions.swift in Sources */ = {isa = PBXBuildFile; fileRef = 5F0DD3772195246E00F9310B /* UIImageExtensions.swift */; };
		5F0DD3952195246E00F9310B /* CoreGraphicsExtensions.swift in Sources */ = {isa = PBXBuildFile; fileRef = 5F0DD3782195246E00F9310B /* CoreGraphicsExtensions.swift */; };
		5F0DD3962195246E00F9310B /* CropViewModel.swift in Sources */ = {isa = PBXBuildFile; fileRef = 5F0DD37A2195246E00F9310B /* CropViewModel.swift */; };
		5F0DD3972195246E00F9310B /* CropScrollView.swift in Sources */ = {isa = PBXBuildFile; fileRef = 5F0DD37B2195246E00F9310B /* CropScrollView.swift */; };
		5F0DD3982195246E00F9310B /* CropViewStatus.swift in Sources */ = {isa = PBXBuildFile; fileRef = 5F0DD37C2195246E00F9310B /* CropViewStatus.swift */; };
		5F0DD3992195246E00F9310B /* ImageContainer.swift in Sources */ = {isa = PBXBuildFile; fileRef = 5F0DD37D2195246E00F9310B /* ImageContainer.swift */; };
		5F0DD39A2195246E00F9310B /* CropBoxFreeAspectFrameUpdater.swift in Sources */ = {isa = PBXBuildFile; fileRef = 5F0DD37E2195246E00F9310B /* CropBoxFreeAspectFrameUpdater.swift */; };
		5F0DD39B2195246E00F9310B /* CropOverlayView.swift in Sources */ = {isa = PBXBuildFile; fileRef = 5F0DD37F2195246E00F9310B /* CropOverlayView.swift */; };
		5F0DD39C2195246E00F9310B /* CropBoxLockedAspectFrameUpdater.swift in Sources */ = {isa = PBXBuildFile; fileRef = 5F0DD3802195246E00F9310B /* CropBoxLockedAspectFrameUpdater.swift */; };
		5F0DD39D2195246E00F9310B /* CropView.swift in Sources */ = {isa = PBXBuildFile; fileRef = 5F0DD3812195246E00F9310B /* CropView.swift */; };
		5F0DD39E2195246E00F9310B /* CropMaskViewManager.swift in Sources */ = {isa = PBXBuildFile; fileRef = 5F0DD3822195246E00F9310B /* CropMaskViewManager.swift */; };
		5F0DD39F2195246E00F9310B /* CropVisualEffectView.swift in Sources */ = {isa = PBXBuildFile; fileRef = 5F0DD3842195246E00F9310B /* CropVisualEffectView.swift */; };
		5F0DD3A02195246E00F9310B /* CropDimmingView.swift in Sources */ = {isa = PBXBuildFile; fileRef = 5F0DD3852195246E00F9310B /* CropDimmingView.swift */; };
		5F0DD3A12195246E00F9310B /* CropMaskProtocal.swift in Sources */ = {isa = PBXBuildFile; fileRef = 5F0DD3862195246E00F9310B /* CropMaskProtocal.swift */; };
		5F0DD3A22195246E00F9310B /* RotationCalculator.swift in Sources */ = {isa = PBXBuildFile; fileRef = 5F0DD3882195246E00F9310B /* RotationCalculator.swift */; };
		5F0DD3A32195246E00F9310B /* GeometryHelper.swift in Sources */ = {isa = PBXBuildFile; fileRef = 5F0DD3892195246E00F9310B /* GeometryHelper.swift */; };
/* End PBXBuildFile section */

/* Begin PBXContainerItemProxy section */
		5F0DD35A2195244E00F9310B /* PBXContainerItemProxy */ = {
			isa = PBXContainerItemProxy;
			containerPortal = 5F0DD3462195244E00F9310B /* Project object */;
			proxyType = 1;
			remoteGlobalIDString = 5F0DD34E2195244E00F9310B;
			remoteInfo = Mantis;
		};
/* End PBXContainerItemProxy section */

/* Begin PBXFileReference section */
		5F0DD34F2195244E00F9310B /* Mantis.framework */ = {isa = PBXFileReference; explicitFileType = wrapper.framework; includeInIndex = 0; path = Mantis.framework; sourceTree = BUILT_PRODUCTS_DIR; };
		5F0DD3522195244E00F9310B /* Mantis.h */ = {isa = PBXFileReference; lastKnownFileType = sourcecode.c.h; path = Mantis.h; sourceTree = "<group>"; };
		5F0DD3532195244E00F9310B /* Info.plist */ = {isa = PBXFileReference; lastKnownFileType = text.plist.xml; path = Info.plist; sourceTree = "<group>"; };
		5F0DD3582195244E00F9310B /* MantisTests.xctest */ = {isa = PBXFileReference; explicitFileType = wrapper.cfbundle; includeInIndex = 0; path = MantisTests.xctest; sourceTree = BUILT_PRODUCTS_DIR; };
		5F0DD35D2195244E00F9310B /* MantisTests.swift */ = {isa = PBXFileReference; lastKnownFileType = sourcecode.swift; path = MantisTests.swift; sourceTree = "<group>"; };
		5F0DD35F2195244E00F9310B /* Info.plist */ = {isa = PBXFileReference; lastKnownFileType = text.plist.xml; path = Info.plist; sourceTree = "<group>"; };
		5F0DD36B2195246E00F9310B /* AngleDashboard.swift */ = {isa = PBXFileReference; fileEncoding = 4; lastKnownFileType = sourcecode.swift; path = AngleDashboard.swift; sourceTree = "<group>"; };
		5F0DD36C2195246E00F9310B /* AngleDialPlate.swift */ = {isa = PBXFileReference; fileEncoding = 4; lastKnownFileType = sourcecode.swift; path = AngleDialPlate.swift; sourceTree = "<group>"; };
		5F0DD36D2195246E00F9310B /* Config.swift */ = {isa = PBXFileReference; fileEncoding = 4; lastKnownFileType = sourcecode.swift; path = Config.swift; sourceTree = "<group>"; };
		5F0DD36E2195246E00F9310B /* Mantis.swift */ = {isa = PBXFileReference; fileEncoding = 4; lastKnownFileType = sourcecode.swift; path = Mantis.swift; sourceTree = "<group>"; };
		5F0DD3702195246E00F9310B /* CropToolbar.swift */ = {isa = PBXFileReference; fileEncoding = 4; lastKnownFileType = sourcecode.swift; path = CropToolbar.swift; sourceTree = "<group>"; };
		5F0DD3712195246E00F9310B /* RatioPresenter.swift */ = {isa = PBXFileReference; fileEncoding = 4; lastKnownFileType = sourcecode.swift; path = RatioPresenter.swift; sourceTree = "<group>"; };
		5F0DD3722195246E00F9310B /* ToolBarButtonImageBuilder.swift */ = {isa = PBXFileReference; fileEncoding = 4; lastKnownFileType = sourcecode.swift; path = ToolBarButtonImageBuilder.swift; sourceTree = "<group>"; };
		5F0DD3732195246E00F9310B /* FixedRatios.swift */ = {isa = PBXFileReference; fileEncoding = 4; lastKnownFileType = sourcecode.swift; path = FixedRatios.swift; sourceTree = "<group>"; };
		5F0DD3742195246E00F9310B /* CropViewController.swift */ = {isa = PBXFileReference; fileEncoding = 4; lastKnownFileType = sourcecode.swift; path = CropViewController.swift; sourceTree = "<group>"; };
		5F0DD3762195246E00F9310B /* CGImageExtensions.swift */ = {isa = PBXFileReference; fileEncoding = 4; lastKnownFileType = sourcecode.swift; path = CGImageExtensions.swift; sourceTree = "<group>"; };
		5F0DD3772195246E00F9310B /* UIImageExtensions.swift */ = {isa = PBXFileReference; fileEncoding = 4; lastKnownFileType = sourcecode.swift; path = UIImageExtensions.swift; sourceTree = "<group>"; };
		5F0DD3782195246E00F9310B /* CoreGraphicsExtensions.swift */ = {isa = PBXFileReference; fileEncoding = 4; lastKnownFileType = sourcecode.swift; path = CoreGraphicsExtensions.swift; sourceTree = "<group>"; };
		5F0DD37A2195246E00F9310B /* CropViewModel.swift */ = {isa = PBXFileReference; fileEncoding = 4; lastKnownFileType = sourcecode.swift; path = CropViewModel.swift; sourceTree = "<group>"; };
		5F0DD37B2195246E00F9310B /* CropScrollView.swift */ = {isa = PBXFileReference; fileEncoding = 4; lastKnownFileType = sourcecode.swift; path = CropScrollView.swift; sourceTree = "<group>"; };
		5F0DD37C2195246E00F9310B /* CropViewStatus.swift */ = {isa = PBXFileReference; fileEncoding = 4; lastKnownFileType = sourcecode.swift; path = CropViewStatus.swift; sourceTree = "<group>"; };
		5F0DD37D2195246E00F9310B /* ImageContainer.swift */ = {isa = PBXFileReference; fileEncoding = 4; lastKnownFileType = sourcecode.swift; path = ImageContainer.swift; sourceTree = "<group>"; };
		5F0DD37E2195246E00F9310B /* CropBoxFreeAspectFrameUpdater.swift */ = {isa = PBXFileReference; fileEncoding = 4; lastKnownFileType = sourcecode.swift; path = CropBoxFreeAspectFrameUpdater.swift; sourceTree = "<group>"; };
		5F0DD37F2195246E00F9310B /* CropOverlayView.swift */ = {isa = PBXFileReference; fileEncoding = 4; lastKnownFileType = sourcecode.swift; path = CropOverlayView.swift; sourceTree = "<group>"; };
		5F0DD3802195246E00F9310B /* CropBoxLockedAspectFrameUpdater.swift */ = {isa = PBXFileReference; fileEncoding = 4; lastKnownFileType = sourcecode.swift; path = CropBoxLockedAspectFrameUpdater.swift; sourceTree = "<group>"; };
		5F0DD3812195246E00F9310B /* CropView.swift */ = {isa = PBXFileReference; fileEncoding = 4; lastKnownFileType = sourcecode.swift; path = CropView.swift; sourceTree = "<group>"; };
		5F0DD3822195246E00F9310B /* CropMaskViewManager.swift */ = {isa = PBXFileReference; fileEncoding = 4; lastKnownFileType = sourcecode.swift; path = CropMaskViewManager.swift; sourceTree = "<group>"; };
		5F0DD3842195246E00F9310B /* CropVisualEffectView.swift */ = {isa = PBXFileReference; fileEncoding = 4; lastKnownFileType = sourcecode.swift; path = CropVisualEffectView.swift; sourceTree = "<group>"; };
		5F0DD3852195246E00F9310B /* CropDimmingView.swift */ = {isa = PBXFileReference; fileEncoding = 4; lastKnownFileType = sourcecode.swift; path = CropDimmingView.swift; sourceTree = "<group>"; };
		5F0DD3862195246E00F9310B /* CropMaskProtocal.swift */ = {isa = PBXFileReference; fileEncoding = 4; lastKnownFileType = sourcecode.swift; path = CropMaskProtocal.swift; sourceTree = "<group>"; };
		5F0DD3882195246E00F9310B /* RotationCalculator.swift */ = {isa = PBXFileReference; fileEncoding = 4; lastKnownFileType = sourcecode.swift; path = RotationCalculator.swift; sourceTree = "<group>"; };
		5F0DD3892195246E00F9310B /* GeometryHelper.swift */ = {isa = PBXFileReference; fileEncoding = 4; lastKnownFileType = sourcecode.swift; path = GeometryHelper.swift; sourceTree = "<group>"; };
/* End PBXFileReference section */

/* Begin PBXFrameworksBuildPhase section */
		5F0DD34C2195244E00F9310B /* Frameworks */ = {
			isa = PBXFrameworksBuildPhase;
			buildActionMask = 2147483647;
			files = (
			);
			runOnlyForDeploymentPostprocessing = 0;
		};
		5F0DD3552195244E00F9310B /* Frameworks */ = {
			isa = PBXFrameworksBuildPhase;
			buildActionMask = 2147483647;
			files = (
				5F0DD3592195244E00F9310B /* Mantis.framework in Frameworks */,
			);
			runOnlyForDeploymentPostprocessing = 0;
		};
/* End PBXFrameworksBuildPhase section */

/* Begin PBXGroup section */
		5F0DD3452195244E00F9310B = {
			isa = PBXGroup;
			children = (
				5F0DD3692195246E00F9310B /* Source */,
				5F0DD3512195244E00F9310B /* Mantis */,
				5F0DD35C2195244E00F9310B /* MantisTests */,
				5F0DD3502195244E00F9310B /* Products */,
			);
			sourceTree = "<group>";
		};
		5F0DD3502195244E00F9310B /* Products */ = {
			isa = PBXGroup;
			children = (
				5F0DD34F2195244E00F9310B /* Mantis.framework */,
				5F0DD3582195244E00F9310B /* MantisTests.xctest */,
			);
			name = Products;
			sourceTree = "<group>";
		};
		5F0DD3512195244E00F9310B /* Mantis */ = {
			isa = PBXGroup;
			children = (
				5F0DD3522195244E00F9310B /* Mantis.h */,
				5F0DD3532195244E00F9310B /* Info.plist */,
			);
			path = Mantis;
			sourceTree = "<group>";
		};
		5F0DD35C2195244E00F9310B /* MantisTests */ = {
			isa = PBXGroup;
			children = (
				5F0DD35D2195244E00F9310B /* MantisTests.swift */,
				5F0DD35F2195244E00F9310B /* Info.plist */,
			);
			path = MantisTests;
			sourceTree = "<group>";
		};
		5F0DD3692195246E00F9310B /* Source */ = {
			isa = PBXGroup;
			children = (
				5F0DD36E2195246E00F9310B /* Mantis.swift */,
				5F0DD36D2195246E00F9310B /* Config.swift */,
				5F0DD36A2195246E00F9310B /* AngleRiot */,
				5F0DD36F2195246E00F9310B /* CropViewController */,
				5F0DD3752195246E00F9310B /* Extentions */,
				5F0DD3792195246E00F9310B /* CropView */,
				5F0DD3832195246E00F9310B /* MaskBackground */,
				5F0DD3872195246E00F9310B /* Helpers */,
			);
			name = Source;
			path = ../Source;
			sourceTree = "<group>";
		};
		5F0DD36A2195246E00F9310B /* AngleRiot */ = {
			isa = PBXGroup;
			children = (
				5F0DD36B2195246E00F9310B /* AngleDashboard.swift */,
				5F0DD36C2195246E00F9310B /* AngleDialPlate.swift */,
			);
			path = AngleRiot;
			sourceTree = "<group>";
		};
		5F0DD36F2195246E00F9310B /* CropViewController */ = {
			isa = PBXGroup;
			children = (
				5F0DD3702195246E00F9310B /* CropToolbar.swift */,
				5F0DD3712195246E00F9310B /* RatioPresenter.swift */,
				5F0DD3722195246E00F9310B /* ToolBarButtonImageBuilder.swift */,
				5F0DD3732195246E00F9310B /* FixedRatios.swift */,
				5F0DD3742195246E00F9310B /* CropViewController.swift */,
			);
			path = CropViewController;
			sourceTree = "<group>";
		};
		5F0DD3752195246E00F9310B /* Extentions */ = {
			isa = PBXGroup;
			children = (
				5F0DD3762195246E00F9310B /* CGImageExtensions.swift */,
				5F0DD3772195246E00F9310B /* UIImageExtensions.swift */,
				5F0DD3782195246E00F9310B /* CoreGraphicsExtensions.swift */,
			);
			path = Extentions;
			sourceTree = "<group>";
		};
		5F0DD3792195246E00F9310B /* CropView */ = {
			isa = PBXGroup;
			children = (
				5F0DD37A2195246E00F9310B /* CropViewModel.swift */,
				5F0DD37B2195246E00F9310B /* CropScrollView.swift */,
				5F0DD37C2195246E00F9310B /* CropViewStatus.swift */,
				5F0DD37D2195246E00F9310B /* ImageContainer.swift */,
				5F0DD37E2195246E00F9310B /* CropBoxFreeAspectFrameUpdater.swift */,
				5F0DD37F2195246E00F9310B /* CropOverlayView.swift */,
				5F0DD3802195246E00F9310B /* CropBoxLockedAspectFrameUpdater.swift */,
				5F0DD3812195246E00F9310B /* CropView.swift */,
				5F0DD3822195246E00F9310B /* CropMaskViewManager.swift */,
			);
			path = CropView;
			sourceTree = "<group>";
		};
		5F0DD3832195246E00F9310B /* MaskBackground */ = {
			isa = PBXGroup;
			children = (
				5F0DD3842195246E00F9310B /* CropVisualEffectView.swift */,
				5F0DD3852195246E00F9310B /* CropDimmingView.swift */,
				5F0DD3862195246E00F9310B /* CropMaskProtocal.swift */,
			);
			path = MaskBackground;
			sourceTree = "<group>";
		};
		5F0DD3872195246E00F9310B /* Helpers */ = {
			isa = PBXGroup;
			children = (
				5F0DD3882195246E00F9310B /* RotationCalculator.swift */,
				5F0DD3892195246E00F9310B /* GeometryHelper.swift */,
			);
			path = Helpers;
			sourceTree = "<group>";
		};
/* End PBXGroup section */

/* Begin PBXHeadersBuildPhase section */
		5F0DD34A2195244E00F9310B /* Headers */ = {
			isa = PBXHeadersBuildPhase;
			buildActionMask = 2147483647;
			files = (
				5F0DD3602195244E00F9310B /* Mantis.h in Headers */,
			);
			runOnlyForDeploymentPostprocessing = 0;
		};
/* End PBXHeadersBuildPhase section */

/* Begin PBXNativeTarget section */
		5F0DD34E2195244E00F9310B /* Mantis */ = {
			isa = PBXNativeTarget;
			buildConfigurationList = 5F0DD3632195244E00F9310B /* Build configuration list for PBXNativeTarget "Mantis" */;
			buildPhases = (
				5F0DD34A2195244E00F9310B /* Headers */,
				5F0DD34B2195244E00F9310B /* Sources */,
				5F0DD34C2195244E00F9310B /* Frameworks */,
				5F0DD34D2195244E00F9310B /* Resources */,
			);
			buildRules = (
			);
			dependencies = (
			);
			name = Mantis;
			productName = Mantis;
			productReference = 5F0DD34F2195244E00F9310B /* Mantis.framework */;
			productType = "com.apple.product-type.framework";
		};
		5F0DD3572195244E00F9310B /* MantisTests */ = {
			isa = PBXNativeTarget;
			buildConfigurationList = 5F0DD3662195244E00F9310B /* Build configuration list for PBXNativeTarget "MantisTests" */;
			buildPhases = (
				5F0DD3542195244E00F9310B /* Sources */,
				5F0DD3552195244E00F9310B /* Frameworks */,
				5F0DD3562195244E00F9310B /* Resources */,
			);
			buildRules = (
			);
			dependencies = (
				5F0DD35B2195244E00F9310B /* PBXTargetDependency */,
			);
			name = MantisTests;
			productName = MantisTests;
			productReference = 5F0DD3582195244E00F9310B /* MantisTests.xctest */;
			productType = "com.apple.product-type.bundle.unit-test";
		};
/* End PBXNativeTarget section */

/* Begin PBXProject section */
		5F0DD3462195244E00F9310B /* Project object */ = {
			isa = PBXProject;
			attributes = {
				LastSwiftUpdateCheck = 1010;
				LastUpgradeCheck = 1010;
				ORGANIZATIONNAME = Echo;
				TargetAttributes = {
					5F0DD34E2195244E00F9310B = {
						CreatedOnToolsVersion = 10.1;
					};
					5F0DD3572195244E00F9310B = {
						CreatedOnToolsVersion = 10.1;
					};
				};
			};
			buildConfigurationList = 5F0DD3492195244E00F9310B /* Build configuration list for PBXProject "Mantis" */;
			compatibilityVersion = "Xcode 9.3";
			developmentRegion = en;
			hasScannedForEncodings = 0;
			knownRegions = (
				en,
			);
			mainGroup = 5F0DD3452195244E00F9310B;
			productRefGroup = 5F0DD3502195244E00F9310B /* Products */;
			projectDirPath = "";
			projectRoot = "";
			targets = (
				5F0DD34E2195244E00F9310B /* Mantis */,
				5F0DD3572195244E00F9310B /* MantisTests */,
			);
		};
/* End PBXProject section */

/* Begin PBXResourcesBuildPhase section */
		5F0DD34D2195244E00F9310B /* Resources */ = {
			isa = PBXResourcesBuildPhase;
			buildActionMask = 2147483647;
			files = (
			);
			runOnlyForDeploymentPostprocessing = 0;
		};
		5F0DD3562195244E00F9310B /* Resources */ = {
			isa = PBXResourcesBuildPhase;
			buildActionMask = 2147483647;
			files = (
			);
			runOnlyForDeploymentPostprocessing = 0;
		};
/* End PBXResourcesBuildPhase section */

/* Begin PBXSourcesBuildPhase section */
		5F0DD34B2195244E00F9310B /* Sources */ = {
			isa = PBXSourcesBuildPhase;
			buildActionMask = 2147483647;
			files = (
				5F0DD3962195246E00F9310B /* CropViewModel.swift in Sources */,
				5F0DD3902195246E00F9310B /* ToolBarButtonImageBuilder.swift in Sources */,
				5F0DD39C2195246E00F9310B /* CropBoxLockedAspectFrameUpdater.swift in Sources */,
				5F0DD39A2195246E00F9310B /* CropBoxFreeAspectFrameUpdater.swift in Sources */,
				5F0DD39D2195246E00F9310B /* CropView.swift in Sources */,
				5F0DD3942195246E00F9310B /* UIImageExtensions.swift in Sources */,
				5F0DD38F2195246E00F9310B /* RatioPresenter.swift in Sources */,
				5F0DD38B2195246E00F9310B /* AngleDialPlate.swift in Sources */,
				5F0DD3A02195246E00F9310B /* CropDimmingView.swift in Sources */,
				5F0DD3992195246E00F9310B /* ImageContainer.swift in Sources */,
				5F0DD3972195246E00F9310B /* CropScrollView.swift in Sources */,
				5F0DD3932195246E00F9310B /* CGImageExtensions.swift in Sources */,
				5F0DD3952195246E00F9310B /* CoreGraphicsExtensions.swift in Sources */,
				5F0DD38A2195246E00F9310B /* AngleDashboard.swift in Sources */,
				5F0DD3A22195246E00F9310B /* RotationCalculator.swift in Sources */,
				5F0DD3982195246E00F9310B /* CropViewStatus.swift in Sources */,
				5F0DD38C2195246E00F9310B /* Config.swift in Sources */,
				5F0DD39F2195246E00F9310B /* CropVisualEffectView.swift in Sources */,
				5F0DD38E2195246E00F9310B /* CropToolbar.swift in Sources */,
				5F0DD39E2195246E00F9310B /* CropMaskViewManager.swift in Sources */,
				5F0DD3912195246E00F9310B /* FixedRatios.swift in Sources */,
				5F0DD3A32195246E00F9310B /* GeometryHelper.swift in Sources */,
				5F0DD38D2195246E00F9310B /* Mantis.swift in Sources */,
				5F0DD3A12195246E00F9310B /* CropMaskProtocal.swift in Sources */,
				5F0DD3922195246E00F9310B /* CropViewController.swift in Sources */,
				5F0DD39B2195246E00F9310B /* CropOverlayView.swift in Sources */,
			);
			runOnlyForDeploymentPostprocessing = 0;
		};
		5F0DD3542195244E00F9310B /* Sources */ = {
			isa = PBXSourcesBuildPhase;
			buildActionMask = 2147483647;
			files = (
				5F0DD35E2195244E00F9310B /* MantisTests.swift in Sources */,
			);
			runOnlyForDeploymentPostprocessing = 0;
		};
/* End PBXSourcesBuildPhase section */

/* Begin PBXTargetDependency section */
		5F0DD35B2195244E00F9310B /* PBXTargetDependency */ = {
			isa = PBXTargetDependency;
			target = 5F0DD34E2195244E00F9310B /* Mantis */;
			targetProxy = 5F0DD35A2195244E00F9310B /* PBXContainerItemProxy */;
		};
/* End PBXTargetDependency section */

/* Begin XCBuildConfiguration section */
		5F0DD3612195244E00F9310B /* Debug */ = {
			isa = XCBuildConfiguration;
			buildSettings = {
				ALWAYS_SEARCH_USER_PATHS = NO;
				CLANG_ANALYZER_NONNULL = YES;
				CLANG_ANALYZER_NUMBER_OBJECT_CONVERSION = YES_AGGRESSIVE;
				CLANG_CXX_LANGUAGE_STANDARD = "gnu++14";
				CLANG_CXX_LIBRARY = "libc++";
				CLANG_ENABLE_MODULES = YES;
				CLANG_ENABLE_OBJC_ARC = YES;
				CLANG_ENABLE_OBJC_WEAK = YES;
				CLANG_WARN_BLOCK_CAPTURE_AUTORELEASING = YES;
				CLANG_WARN_BOOL_CONVERSION = YES;
				CLANG_WARN_COMMA = YES;
				CLANG_WARN_CONSTANT_CONVERSION = YES;
				CLANG_WARN_DEPRECATED_OBJC_IMPLEMENTATIONS = YES;
				CLANG_WARN_DIRECT_OBJC_ISA_USAGE = YES_ERROR;
				CLANG_WARN_DOCUMENTATION_COMMENTS = YES;
				CLANG_WARN_EMPTY_BODY = YES;
				CLANG_WARN_ENUM_CONVERSION = YES;
				CLANG_WARN_INFINITE_RECURSION = YES;
				CLANG_WARN_INT_CONVERSION = YES;
				CLANG_WARN_NON_LITERAL_NULL_CONVERSION = YES;
				CLANG_WARN_OBJC_IMPLICIT_RETAIN_SELF = YES;
				CLANG_WARN_OBJC_LITERAL_CONVERSION = YES;
				CLANG_WARN_OBJC_ROOT_CLASS = YES_ERROR;
				CLANG_WARN_RANGE_LOOP_ANALYSIS = YES;
				CLANG_WARN_STRICT_PROTOTYPES = YES;
				CLANG_WARN_SUSPICIOUS_MOVE = YES;
				CLANG_WARN_UNGUARDED_AVAILABILITY = YES_AGGRESSIVE;
				CLANG_WARN_UNREACHABLE_CODE = YES;
				CLANG_WARN__DUPLICATE_METHOD_MATCH = YES;
				CODE_SIGN_IDENTITY = "iPhone Developer";
				COPY_PHASE_STRIP = NO;
				CURRENT_PROJECT_VERSION = 1;
				DEBUG_INFORMATION_FORMAT = dwarf;
				ENABLE_STRICT_OBJC_MSGSEND = YES;
				ENABLE_TESTABILITY = YES;
				GCC_C_LANGUAGE_STANDARD = gnu11;
				GCC_DYNAMIC_NO_PIC = NO;
				GCC_NO_COMMON_BLOCKS = YES;
				GCC_OPTIMIZATION_LEVEL = 0;
				GCC_PREPROCESSOR_DEFINITIONS = (
					"DEBUG=1",
					"$(inherited)",
				);
				GCC_WARN_64_TO_32_BIT_CONVERSION = YES;
				GCC_WARN_ABOUT_RETURN_TYPE = YES_ERROR;
				GCC_WARN_UNDECLARED_SELECTOR = YES;
				GCC_WARN_UNINITIALIZED_AUTOS = YES_AGGRESSIVE;
				GCC_WARN_UNUSED_FUNCTION = YES;
				GCC_WARN_UNUSED_VARIABLE = YES;
				IPHONEOS_DEPLOYMENT_TARGET = 11.0;
				MTL_ENABLE_DEBUG_INFO = INCLUDE_SOURCE;
				MTL_FAST_MATH = YES;
				ONLY_ACTIVE_ARCH = YES;
				SDKROOT = iphoneos;
				SWIFT_ACTIVE_COMPILATION_CONDITIONS = DEBUG;
				SWIFT_OPTIMIZATION_LEVEL = "-Onone";
				VERSIONING_SYSTEM = "apple-generic";
				VERSION_INFO_PREFIX = "";
			};
			name = Debug;
		};
		5F0DD3622195244E00F9310B /* Release */ = {
			isa = XCBuildConfiguration;
			buildSettings = {
				ALWAYS_SEARCH_USER_PATHS = NO;
				CLANG_ANALYZER_NONNULL = YES;
				CLANG_ANALYZER_NUMBER_OBJECT_CONVERSION = YES_AGGRESSIVE;
				CLANG_CXX_LANGUAGE_STANDARD = "gnu++14";
				CLANG_CXX_LIBRARY = "libc++";
				CLANG_ENABLE_MODULES = YES;
				CLANG_ENABLE_OBJC_ARC = YES;
				CLANG_ENABLE_OBJC_WEAK = YES;
				CLANG_WARN_BLOCK_CAPTURE_AUTORELEASING = YES;
				CLANG_WARN_BOOL_CONVERSION = YES;
				CLANG_WARN_COMMA = YES;
				CLANG_WARN_CONSTANT_CONVERSION = YES;
				CLANG_WARN_DEPRECATED_OBJC_IMPLEMENTATIONS = YES;
				CLANG_WARN_DIRECT_OBJC_ISA_USAGE = YES_ERROR;
				CLANG_WARN_DOCUMENTATION_COMMENTS = YES;
				CLANG_WARN_EMPTY_BODY = YES;
				CLANG_WARN_ENUM_CONVERSION = YES;
				CLANG_WARN_INFINITE_RECURSION = YES;
				CLANG_WARN_INT_CONVERSION = YES;
				CLANG_WARN_NON_LITERAL_NULL_CONVERSION = YES;
				CLANG_WARN_OBJC_IMPLICIT_RETAIN_SELF = YES;
				CLANG_WARN_OBJC_LITERAL_CONVERSION = YES;
				CLANG_WARN_OBJC_ROOT_CLASS = YES_ERROR;
				CLANG_WARN_RANGE_LOOP_ANALYSIS = YES;
				CLANG_WARN_STRICT_PROTOTYPES = YES;
				CLANG_WARN_SUSPICIOUS_MOVE = YES;
				CLANG_WARN_UNGUARDED_AVAILABILITY = YES_AGGRESSIVE;
				CLANG_WARN_UNREACHABLE_CODE = YES;
				CLANG_WARN__DUPLICATE_METHOD_MATCH = YES;
				CODE_SIGN_IDENTITY = "iPhone Developer";
				COPY_PHASE_STRIP = NO;
				CURRENT_PROJECT_VERSION = 1;
				DEBUG_INFORMATION_FORMAT = "dwarf-with-dsym";
				ENABLE_NS_ASSERTIONS = NO;
				ENABLE_STRICT_OBJC_MSGSEND = YES;
				GCC_C_LANGUAGE_STANDARD = gnu11;
				GCC_NO_COMMON_BLOCKS = YES;
				GCC_WARN_64_TO_32_BIT_CONVERSION = YES;
				GCC_WARN_ABOUT_RETURN_TYPE = YES_ERROR;
				GCC_WARN_UNDECLARED_SELECTOR = YES;
				GCC_WARN_UNINITIALIZED_AUTOS = YES_AGGRESSIVE;
				GCC_WARN_UNUSED_FUNCTION = YES;
				GCC_WARN_UNUSED_VARIABLE = YES;
				IPHONEOS_DEPLOYMENT_TARGET = 11.0;
				MTL_ENABLE_DEBUG_INFO = NO;
				MTL_FAST_MATH = YES;
				SDKROOT = iphoneos;
				SWIFT_COMPILATION_MODE = wholemodule;
				SWIFT_OPTIMIZATION_LEVEL = "-O";
				VALIDATE_PRODUCT = YES;
				VERSIONING_SYSTEM = "apple-generic";
				VERSION_INFO_PREFIX = "";
			};
			name = Release;
		};
		5F0DD3642195244E00F9310B /* Debug */ = {
			isa = XCBuildConfiguration;
			buildSettings = {
				CODE_SIGN_IDENTITY = "";
				CODE_SIGN_STYLE = Automatic;
				DEFINES_MODULE = YES;
				DEVELOPMENT_TEAM = 3V26Q55U3S;
				DYLIB_COMPATIBILITY_VERSION = 1;
				DYLIB_CURRENT_VERSION = 1;
				DYLIB_INSTALL_NAME_BASE = "@rpath";
				INFOPLIST_FILE = Mantis/Info.plist;
				INSTALL_PATH = "$(LOCAL_LIBRARY_DIR)/Frameworks";
				IPHONEOS_DEPLOYMENT_TARGET = 11.0;
				LD_RUNPATH_SEARCH_PATHS = (
					"$(inherited)",
					"@executable_path/Frameworks",
					"@loader_path/Frameworks",
				);
				PRODUCT_BUNDLE_IDENTIFIER = com.echo.Mantis;
				PRODUCT_NAME = "$(TARGET_NAME:c99extidentifier)";
				SKIP_INSTALL = YES;
				SWIFT_VERSION = 4.2;
				TARGETED_DEVICE_FAMILY = "1,2";
			};
			name = Debug;
		};
		5F0DD3652195244E00F9310B /* Release */ = {
			isa = XCBuildConfiguration;
			buildSettings = {
				CODE_SIGN_IDENTITY = "";
				CODE_SIGN_STYLE = Automatic;
				DEFINES_MODULE = YES;
				DEVELOPMENT_TEAM = 3V26Q55U3S;
				DYLIB_COMPATIBILITY_VERSION = 1;
				DYLIB_CURRENT_VERSION = 1;
				DYLIB_INSTALL_NAME_BASE = "@rpath";
				INFOPLIST_FILE = Mantis/Info.plist;
				INSTALL_PATH = "$(LOCAL_LIBRARY_DIR)/Frameworks";
				IPHONEOS_DEPLOYMENT_TARGET = 11.0;
				LD_RUNPATH_SEARCH_PATHS = (
					"$(inherited)",
					"@executable_path/Frameworks",
					"@loader_path/Frameworks",
				);
				PRODUCT_BUNDLE_IDENTIFIER = com.echo.Mantis;
				PRODUCT_NAME = "$(TARGET_NAME:c99extidentifier)";
				SKIP_INSTALL = YES;
				SWIFT_VERSION = 4.2;
				TARGETED_DEVICE_FAMILY = "1,2";
			};
			name = Release;
		};
		5F0DD3672195244E00F9310B /* Debug */ = {
			isa = XCBuildConfiguration;
			buildSettings = {
				ALWAYS_EMBED_SWIFT_STANDARD_LIBRARIES = YES;
				CODE_SIGN_STYLE = Automatic;
				DEVELOPMENT_TEAM = 3V26Q55U3S;
				INFOPLIST_FILE = MantisTests/Info.plist;
				LD_RUNPATH_SEARCH_PATHS = (
					"$(inherited)",
					"@executable_path/Frameworks",
					"@loader_path/Frameworks",
				);
				PRODUCT_BUNDLE_IDENTIFIER = com.echo.MantisTests;
				PRODUCT_NAME = "$(TARGET_NAME)";
				SWIFT_VERSION = 4.2;
				TARGETED_DEVICE_FAMILY = "1,2";
			};
			name = Debug;
		};
		5F0DD3682195244E00F9310B /* Release */ = {
			isa = XCBuildConfiguration;
			buildSettings = {
				ALWAYS_EMBED_SWIFT_STANDARD_LIBRARIES = YES;
				CODE_SIGN_STYLE = Automatic;
				DEVELOPMENT_TEAM = 3V26Q55U3S;
				INFOPLIST_FILE = MantisTests/Info.plist;
				LD_RUNPATH_SEARCH_PATHS = (
					"$(inherited)",
					"@executable_path/Frameworks",
					"@loader_path/Frameworks",
				);
				PRODUCT_BUNDLE_IDENTIFIER = com.echo.MantisTests;
				PRODUCT_NAME = "$(TARGET_NAME)";
				SWIFT_VERSION = 4.2;
				TARGETED_DEVICE_FAMILY = "1,2";
			};
			name = Release;
		};
/* End XCBuildConfiguration section */

/* Begin XCConfigurationList section */
		5F0DD3492195244E00F9310B /* Build configuration list for PBXProject "Mantis" */ = {
			isa = XCConfigurationList;
			buildConfigurations = (
				5F0DD3612195244E00F9310B /* Debug */,
				5F0DD3622195244E00F9310B /* Release */,
			);
			defaultConfigurationIsVisible = 0;
			defaultConfigurationName = Release;
		};
		5F0DD3632195244E00F9310B /* Build configuration list for PBXNativeTarget "Mantis" */ = {
			isa = XCConfigurationList;
			buildConfigurations = (
				5F0DD3642195244E00F9310B /* Debug */,
				5F0DD3652195244E00F9310B /* Release */,
			);
			defaultConfigurationIsVisible = 0;
			defaultConfigurationName = Release;
		};
		5F0DD3662195244E00F9310B /* Build configuration list for PBXNativeTarget "MantisTests" */ = {
			isa = XCConfigurationList;
			buildConfigurations = (
				5F0DD3672195244E00F9310B /* Debug */,
				5F0DD3682195244E00F9310B /* Release */,
			);
			defaultConfigurationIsVisible = 0;
			defaultConfigurationName = Release;
		};
/* End XCConfigurationList section */
	};
	rootObject = 5F0DD3462195244E00F9310B /* Project object */;
}
