// !$*UTF8*$!
{
	archiveVersion = 1;
	classes = {
	};
	objectVersion = 54;
	objects = {

/* Begin PBXAggregateTarget section */
		"Mantis::MantisPackageTests::ProductTarget" /* MantisPackageTests */ = {
			isa = PBXAggregateTarget;
			buildConfigurationList = OBJ_110 /* Build configuration list for PBXAggregateTarget "MantisPackageTests" */;
			buildPhases = (
			);
			dependencies = (
				OBJ_113 /* PBXTargetDependency */,
			);
			name = MantisPackageTests;
			productName = MantisPackageTests;
		};
/* End PBXAggregateTarget section */

/* Begin PBXBuildFile section */
		269AF94227437EE400F7FAF6 /* DialConfig.swift in Sources */ = {isa = PBXBuildFile; fileRef = 269AF94127437EE400F7FAF6 /* DialConfig.swift */; };
		5F17E40A253535F300A3EB7D /* Orientation.swift in Sources */ = {isa = PBXBuildFile; fileRef = 5F17E409253535F300A3EB7D /* Orientation.swift */; };
		5F69CC5E26C0629400568B75 /* Definition.swift in Sources */ = {isa = PBXBuildFile; fileRef = 5F69CC5D26C0629400568B75 /* Definition.swift */; };
		5F7D22AE245BCA8D0015A0D5 /* CropToolbarProtocol.swift in Sources */ = {isa = PBXBuildFile; fileRef = 5F7D22AD245BCA8D0015A0D5 /* CropToolbarProtocol.swift */; };
		5FCE938724834C57002BBE65 /* ToolbarButtonOptions.swift in Sources */ = {isa = PBXBuildFile; fileRef = 5FCE938624834C57002BBE65 /* ToolbarButtonOptions.swift */; };
		66100E07294B7059001C8593 /* CropViewProtocol.swift in Sources */ = {isa = PBXBuildFile; fileRef = 66100E06294B7059001C8593 /* CropViewProtocol.swift */; };
		66100E09294BAE46001C8593 /* ImageContainerProtocol.swift in Sources */ = {isa = PBXBuildFile; fileRef = 66100E08294BAE46001C8593 /* ImageContainerProtocol.swift */; };
		66100E0B294BAE83001C8593 /* CropViewModelProtocol.swift in Sources */ = {isa = PBXBuildFile; fileRef = 66100E0A294BAE83001C8593 /* CropViewModelProtocol.swift */; };
		66100E0D294BAE94001C8593 /* CropOverlayViewProtocol.swift in Sources */ = {isa = PBXBuildFile; fileRef = 66100E0C294BAE94001C8593 /* CropOverlayViewProtocol.swift */; };
		66100E0F294BAEA5001C8593 /* RotationDialProtocol.swift in Sources */ = {isa = PBXBuildFile; fileRef = 66100E0E294BAEA5001C8593 /* RotationDialProtocol.swift */; };
		66100E11294BAEB6001C8593 /* CropScrollViewProtocol.swift in Sources */ = {isa = PBXBuildFile; fileRef = 66100E10294BAEB6001C8593 /* CropScrollViewProtocol.swift */; };
		66100E13294BAEC4001C8593 /* CropMaskViewManagerProtocol.swift in Sources */ = {isa = PBXBuildFile; fileRef = 66100E12294BAEC4001C8593 /* CropMaskViewManagerProtocol.swift */; };
		663FCF3928866DDA003D3B9E /* CropViewConfig.swift in Sources */ = {isa = PBXBuildFile; fileRef = 663FCF3728866DDA003D3B9E /* CropViewConfig.swift */; };
		663FCF3A28866DDA003D3B9E /* CropToolbarConfig.swift in Sources */ = {isa = PBXBuildFile; fileRef = 663FCF3828866DDA003D3B9E /* CropToolbarConfig.swift */; };
		664A7E9F2884606800DF7C79 /* Global.swift in Sources */ = {isa = PBXBuildFile; fileRef = 664A7E9E2884606800DF7C79 /* Global.swift */; };
		6659429D2877DAE80096A5DB /* Config.swift in Sources */ = {isa = PBXBuildFile; fileRef = 6659429C2877DAE80096A5DB /* Config.swift */; };
		6659429F2877DC8A0096A5DB /* Enum.swift in Sources */ = {isa = PBXBuildFile; fileRef = 6659429E2877DC8A0096A5DB /* Enum.swift */; };
		665942A12877DD1C0096A5DB /* TypeAlias.swift in Sources */ = {isa = PBXBuildFile; fileRef = 665942A02877DD1C0096A5DB /* TypeAlias.swift */; };
		66EDABDC297E6D3200EAD5DC /* CGAffineTransformExtensions.swift in Sources */ = {isa = PBXBuildFile; fileRef = 66EDABDB297E6D3200EAD5DC /* CGAffineTransformExtensions.swift */; };
		66F439882978376F00728B52 /* RotationDialViewModelProtocol.swift in Sources */ = {isa = PBXBuildFile; fileRef = 66F439872978376F00728B52 /* RotationDialViewModelProtocol.swift */; };
		66F4398A2978539700728B52 /* RotationDialViewModelTests.swift in Sources */ = {isa = PBXBuildFile; fileRef = 66F439892978539700728B52 /* RotationDialViewModelTests.swift */; };
		66F4398E2978F6E400728B52 /* UIViewExtensions.swift in Sources */ = {isa = PBXBuildFile; fileRef = 66F4398D2978F6E400728B52 /* UIViewExtensions.swift */; };
		66F439902979472C00728B52 /* CropViewModelTests.swift in Sources */ = {isa = PBXBuildFile; fileRef = 66F4398F2979472C00728B52 /* CropViewModelTests.swift */; };
		66F43992297A123400728B52 /* CropViewControllerDelegate.swift in Sources */ = {isa = PBXBuildFile; fileRef = 66F43991297A123400728B52 /* CropViewControllerDelegate.swift */; };
		66F909BF287D22E7007E2FC6 /* ToolBarButtonImageBuilder+DrawImage.swift in Sources */ = {isa = PBXBuildFile; fileRef = 66F909BE287D22E7007E2FC6 /* ToolBarButtonImageBuilder+DrawImage.swift */; };
		8EFB6F6725D16B0F00C0DDB2 /* MantisLocalizable.strings in Resources */ = {isa = PBXBuildFile; fileRef = 8EFB6F3525D154D900C0DDB2 /* MantisLocalizable.strings */; };
		8EFB6FB125D187A000C0DDB2 /* Resource.bundle in Resources */ = {isa = PBXBuildFile; fileRef = 8EFB6F5425D16A9E00C0DDB2 /* Resource.bundle */; };
		FEDAAD8625205CC300D95667 /* RatioSelector.swift in Sources */ = {isa = PBXBuildFile; fileRef = FEDAAD8525205CC300D95667 /* RatioSelector.swift */; };
		FEDAAD8C25205DE900D95667 /* RatioItemView.swift in Sources */ = {isa = PBXBuildFile; fileRef = FEDAAD8B25205DE900D95667 /* RatioItemView.swift */; };
		OBJ_100 /* RotationDialPlate.swift in Sources */ = {isa = PBXBuildFile; fileRef = OBJ_48 /* RotationDialPlate.swift */; };
		OBJ_101 /* RotationDialViewModel.swift in Sources */ = {isa = PBXBuildFile; fileRef = OBJ_49 /* RotationDialViewModel.swift */; };
		OBJ_108 /* Package.swift in Sources */ = {isa = PBXBuildFile; fileRef = OBJ_6 /* Package.swift */; };
		OBJ_119 /* MantisTests.swift in Sources */ = {isa = PBXBuildFile; fileRef = OBJ_52 /* MantisTests.swift */; };
		OBJ_120 /* XCTestManifests.swift in Sources */ = {isa = PBXBuildFile; fileRef = OBJ_53 /* XCTestManifests.swift */; };
		OBJ_122 /* Mantis.framework in Frameworks */ = {isa = PBXBuildFile; fileRef = "Mantis::Mantis::Product" /* Mantis.framework */; };
		OBJ_69 /* CropBoxFreeAspectFrameUpdater.swift in Sources */ = {isa = PBXBuildFile; fileRef = OBJ_12 /* CropBoxFreeAspectFrameUpdater.swift */; };
		OBJ_70 /* CropBoxLockedAspectFrameUpdater.swift in Sources */ = {isa = PBXBuildFile; fileRef = OBJ_13 /* CropBoxLockedAspectFrameUpdater.swift */; };
		OBJ_71 /* CropMaskViewManager.swift in Sources */ = {isa = PBXBuildFile; fileRef = OBJ_14 /* CropMaskViewManager.swift */; };
		OBJ_72 /* CropAuxiliaryIndicatorView.swift in Sources */ = {isa = PBXBuildFile; fileRef = OBJ_15 /* CropAuxiliaryIndicatorView.swift */; };
		OBJ_73 /* CropWorkbenchView.swift in Sources */ = {isa = PBXBuildFile; fileRef = OBJ_16 /* CropWorkbenchView.swift */; };
		OBJ_74 /* CropView+Touches.swift in Sources */ = {isa = PBXBuildFile; fileRef = OBJ_17 /* CropView+Touches.swift */; };
		OBJ_75 /* CropView+UIScrollViewDelegate.swift in Sources */ = {isa = PBXBuildFile; fileRef = OBJ_18 /* CropView+UIScrollViewDelegate.swift */; };
		OBJ_76 /* CropView.swift in Sources */ = {isa = PBXBuildFile; fileRef = OBJ_19 /* CropView.swift */; };
		OBJ_77 /* CropViewModel.swift in Sources */ = {isa = PBXBuildFile; fileRef = OBJ_20 /* CropViewModel.swift */; };
		OBJ_78 /* CropViewStatus.swift in Sources */ = {isa = PBXBuildFile; fileRef = OBJ_21 /* CropViewStatus.swift */; };
		OBJ_79 /* ImageContainer.swift in Sources */ = {isa = PBXBuildFile; fileRef = OBJ_22 /* ImageContainer.swift */; };
		OBJ_80 /* CropToolbar.swift in Sources */ = {isa = PBXBuildFile; fileRef = OBJ_24 /* CropToolbar.swift */; };
		OBJ_81 /* CropViewController.swift in Sources */ = {isa = PBXBuildFile; fileRef = OBJ_25 /* CropViewController.swift */; };
		OBJ_82 /* FixedRatioManager.swift in Sources */ = {isa = PBXBuildFile; fileRef = OBJ_26 /* FixedRatioManager.swift */; };
		OBJ_83 /* RatioPresenter.swift in Sources */ = {isa = PBXBuildFile; fileRef = OBJ_27 /* RatioPresenter.swift */; };
		OBJ_84 /* ToolBarButtonImageBuilder.swift in Sources */ = {isa = PBXBuildFile; fileRef = OBJ_28 /* ToolBarButtonImageBuilder.swift */; };
		OBJ_85 /* CGImageExtensions.swift in Sources */ = {isa = PBXBuildFile; fileRef = OBJ_30 /* CGImageExtensions.swift */; };
		OBJ_86 /* CoreGraphicsExtensions.swift in Sources */ = {isa = PBXBuildFile; fileRef = OBJ_31 /* CoreGraphicsExtensions.swift */; };
		OBJ_87 /* UIImageExtensions.swift in Sources */ = {isa = PBXBuildFile; fileRef = OBJ_32 /* UIImageExtensions.swift */; };
		OBJ_88 /* GeometryHelper.swift in Sources */ = {isa = PBXBuildFile; fileRef = OBJ_34 /* GeometryHelper.swift */; };
		OBJ_89 /* LocalizedHelper.swift in Sources */ = {isa = PBXBuildFile; fileRef = OBJ_35 /* LocalizedHelper.swift */; };
		OBJ_90 /* Mantis.swift in Sources */ = {isa = PBXBuildFile; fileRef = OBJ_36 /* Mantis.swift */; };
		OBJ_91 /* CropDimmingView.swift in Sources */ = {isa = PBXBuildFile; fileRef = OBJ_38 /* CropDimmingView.swift */; };
		OBJ_92 /* CropMaskProtocal.swift in Sources */ = {isa = PBXBuildFile; fileRef = OBJ_39 /* CropMaskProtocal.swift */; };
		OBJ_93 /* CropVisualEffectView.swift in Sources */ = {isa = PBXBuildFile; fileRef = OBJ_40 /* CropVisualEffectView.swift */; };
		OBJ_94 /* RatioOptions.swift in Sources */ = {isa = PBXBuildFile; fileRef = OBJ_41 /* RatioOptions.swift */; };
		OBJ_95 /* CGAngle.swift in Sources */ = {isa = PBXBuildFile; fileRef = OBJ_43 /* CGAngle.swift */; };
		OBJ_97 /* RotationCalculator.swift in Sources */ = {isa = PBXBuildFile; fileRef = OBJ_45 /* RotationCalculator.swift */; };
		OBJ_98 /* RotationDial+Touches.swift in Sources */ = {isa = PBXBuildFile; fileRef = OBJ_46 /* RotationDial+Touches.swift */; };
		OBJ_99 /* RotationDial.swift in Sources */ = {isa = PBXBuildFile; fileRef = OBJ_47 /* RotationDial.swift */; };
/* End PBXBuildFile section */

/* Begin PBXContainerItemProxy section */
		5FCA33F7240B93B10083D8EB /* PBXContainerItemProxy */ = {
			isa = PBXContainerItemProxy;
			containerPortal = OBJ_1 /* Project object */;
			proxyType = 1;
			remoteGlobalIDString = "Mantis::Mantis";
			remoteInfo = Mantis;
		};
		5FCA33F8240B93E40083D8EB /* PBXContainerItemProxy */ = {
			isa = PBXContainerItemProxy;
			containerPortal = OBJ_1 /* Project object */;
			proxyType = 1;
			remoteGlobalIDString = "Mantis::MantisTests";
			remoteInfo = MantisTests;
		};
		8EFB6F6525D16AE300C0DDB2 /* PBXContainerItemProxy */ = {
			isa = PBXContainerItemProxy;
			containerPortal = OBJ_1 /* Project object */;
			proxyType = 1;
			remoteGlobalIDString = 8EFB6F5325D16A9E00C0DDB2;
			remoteInfo = "Mantis-Resource";
		};
/* End PBXContainerItemProxy section */

/* Begin PBXFileReference section */
		269AF94127437EE400F7FAF6 /* DialConfig.swift */ = {isa = PBXFileReference; lastKnownFileType = sourcecode.swift; path = DialConfig.swift; sourceTree = "<group>"; };
		5F17E409253535F300A3EB7D /* Orientation.swift */ = {isa = PBXFileReference; fileEncoding = 4; lastKnownFileType = sourcecode.swift; path = Orientation.swift; sourceTree = "<group>"; };
		5F69CC5D26C0629400568B75 /* Definition.swift */ = {isa = PBXFileReference; lastKnownFileType = sourcecode.swift; path = Definition.swift; sourceTree = "<group>"; };
		5F7D22AD245BCA8D0015A0D5 /* CropToolbarProtocol.swift */ = {isa = PBXFileReference; fileEncoding = 4; lastKnownFileType = sourcecode.swift; path = CropToolbarProtocol.swift; sourceTree = "<group>"; };
		5FCE938624834C57002BBE65 /* ToolbarButtonOptions.swift */ = {isa = PBXFileReference; lastKnownFileType = sourcecode.swift; path = ToolbarButtonOptions.swift; sourceTree = "<group>"; };
		66100E06294B7059001C8593 /* CropViewProtocol.swift */ = {isa = PBXFileReference; lastKnownFileType = sourcecode.swift; path = CropViewProtocol.swift; sourceTree = "<group>"; };
		66100E08294BAE46001C8593 /* ImageContainerProtocol.swift */ = {isa = PBXFileReference; lastKnownFileType = sourcecode.swift; path = ImageContainerProtocol.swift; sourceTree = "<group>"; };
		66100E0A294BAE83001C8593 /* CropViewModelProtocol.swift */ = {isa = PBXFileReference; lastKnownFileType = sourcecode.swift; path = CropViewModelProtocol.swift; sourceTree = "<group>"; };
		66100E0C294BAE94001C8593 /* CropOverlayViewProtocol.swift */ = {isa = PBXFileReference; lastKnownFileType = sourcecode.swift; path = CropOverlayViewProtocol.swift; sourceTree = "<group>"; };
		66100E0E294BAEA5001C8593 /* RotationDialProtocol.swift */ = {isa = PBXFileReference; lastKnownFileType = sourcecode.swift; path = RotationDialProtocol.swift; sourceTree = "<group>"; };
		66100E10294BAEB6001C8593 /* CropScrollViewProtocol.swift */ = {isa = PBXFileReference; lastKnownFileType = sourcecode.swift; path = CropScrollViewProtocol.swift; sourceTree = "<group>"; };
		66100E12294BAEC4001C8593 /* CropMaskViewManagerProtocol.swift */ = {isa = PBXFileReference; lastKnownFileType = sourcecode.swift; path = CropMaskViewManagerProtocol.swift; sourceTree = "<group>"; };
		663FCF3728866DDA003D3B9E /* CropViewConfig.swift */ = {isa = PBXFileReference; fileEncoding = 4; lastKnownFileType = sourcecode.swift; path = CropViewConfig.swift; sourceTree = "<group>"; };
		663FCF3828866DDA003D3B9E /* CropToolbarConfig.swift */ = {isa = PBXFileReference; fileEncoding = 4; lastKnownFileType = sourcecode.swift; path = CropToolbarConfig.swift; sourceTree = "<group>"; };
		664A7E9E2884606800DF7C79 /* Global.swift */ = {isa = PBXFileReference; lastKnownFileType = sourcecode.swift; path = Global.swift; sourceTree = "<group>"; };
		6659429C2877DAE80096A5DB /* Config.swift */ = {isa = PBXFileReference; lastKnownFileType = sourcecode.swift; path = Config.swift; sourceTree = "<group>"; };
		6659429E2877DC8A0096A5DB /* Enum.swift */ = {isa = PBXFileReference; lastKnownFileType = sourcecode.swift; path = Enum.swift; sourceTree = "<group>"; };
		665942A02877DD1C0096A5DB /* TypeAlias.swift */ = {isa = PBXFileReference; lastKnownFileType = sourcecode.swift; path = TypeAlias.swift; sourceTree = "<group>"; };
		66EDABDB297E6D3200EAD5DC /* CGAffineTransformExtensions.swift */ = {isa = PBXFileReference; lastKnownFileType = sourcecode.swift; path = CGAffineTransformExtensions.swift; sourceTree = "<group>"; };
		66F439872978376F00728B52 /* RotationDialViewModelProtocol.swift */ = {isa = PBXFileReference; lastKnownFileType = sourcecode.swift; path = RotationDialViewModelProtocol.swift; sourceTree = "<group>"; };
		66F439892978539700728B52 /* RotationDialViewModelTests.swift */ = {isa = PBXFileReference; lastKnownFileType = sourcecode.swift; path = RotationDialViewModelTests.swift; sourceTree = "<group>"; };
		66F4398D2978F6E400728B52 /* UIViewExtensions.swift */ = {isa = PBXFileReference; lastKnownFileType = sourcecode.swift; path = UIViewExtensions.swift; sourceTree = "<group>"; };
		66F4398F2979472C00728B52 /* CropViewModelTests.swift */ = {isa = PBXFileReference; lastKnownFileType = sourcecode.swift; path = CropViewModelTests.swift; sourceTree = "<group>"; };
		66F43991297A123400728B52 /* CropViewControllerDelegate.swift */ = {isa = PBXFileReference; lastKnownFileType = sourcecode.swift; path = CropViewControllerDelegate.swift; sourceTree = "<group>"; };
		66F909BE287D22E7007E2FC6 /* ToolBarButtonImageBuilder+DrawImage.swift */ = {isa = PBXFileReference; lastKnownFileType = sourcecode.swift; path = "ToolBarButtonImageBuilder+DrawImage.swift"; sourceTree = "<group>"; };
		8EFB6F3625D154D900C0DDB2 /* de */ = {isa = PBXFileReference; lastKnownFileType = text.plist.strings; name = de; path = de.lproj/MantisLocalizable.strings; sourceTree = "<group>"; };
		8EFB6F3725D154D900C0DDB2 /* ar */ = {isa = PBXFileReference; lastKnownFileType = text.plist.strings; name = ar; path = ar.lproj/MantisLocalizable.strings; sourceTree = "<group>"; };
		8EFB6F3825D154D900C0DDB2 /* zh-Hans */ = {isa = PBXFileReference; lastKnownFileType = text.plist.strings; name = "zh-Hans"; path = "zh-Hans.lproj/MantisLocalizable.strings"; sourceTree = "<group>"; };
		8EFB6F3925D154D900C0DDB2 /* ja */ = {isa = PBXFileReference; lastKnownFileType = text.plist.strings; name = ja; path = ja.lproj/MantisLocalizable.strings; sourceTree = "<group>"; };
		8EFB6F3A25D154D900C0DDB2 /* en */ = {isa = PBXFileReference; lastKnownFileType = text.plist.strings; name = en; path = en.lproj/MantisLocalizable.strings; sourceTree = "<group>"; };
		8EFB6F3B25D154D900C0DDB2 /* es */ = {isa = PBXFileReference; lastKnownFileType = text.plist.strings; name = es; path = es.lproj/MantisLocalizable.strings; sourceTree = "<group>"; };
		8EFB6F3C25D154D900C0DDB2 /* it */ = {isa = PBXFileReference; lastKnownFileType = text.plist.strings; name = it; path = it.lproj/MantisLocalizable.strings; sourceTree = "<group>"; };
		8EFB6F3D25D154D900C0DDB2 /* ko-KR */ = {isa = PBXFileReference; lastKnownFileType = text.plist.strings; name = "ko-KR"; path = "ko-KR.lproj/MantisLocalizable.strings"; sourceTree = "<group>"; };
		8EFB6F3E25D154D900C0DDB2 /* ko */ = {isa = PBXFileReference; lastKnownFileType = text.plist.strings; name = ko; path = ko.lproj/MantisLocalizable.strings; sourceTree = "<group>"; };
		8EFB6F3F25D154D900C0DDB2 /* zh-Hant */ = {isa = PBXFileReference; lastKnownFileType = text.plist.strings; name = "zh-Hant"; path = "zh-Hant.lproj/MantisLocalizable.strings"; sourceTree = "<group>"; };
		8EFB6F4025D154D900C0DDB2 /* ru */ = {isa = PBXFileReference; lastKnownFileType = text.plist.strings; name = ru; path = ru.lproj/MantisLocalizable.strings; sourceTree = "<group>"; };
		8EFB6F4125D154D900C0DDB2 /* fr */ = {isa = PBXFileReference; lastKnownFileType = text.plist.strings; name = fr; path = fr.lproj/MantisLocalizable.strings; sourceTree = "<group>"; };
		8EFB6F4225D154D900C0DDB2 /* pt-PT */ = {isa = PBXFileReference; lastKnownFileType = text.plist.strings; name = "pt-PT"; path = "pt-PT.lproj/MantisLocalizable.strings"; sourceTree = "<group>"; };
		8EFB6F5425D16A9E00C0DDB2 /* Resource.bundle */ = {isa = PBXFileReference; explicitFileType = wrapper.cfbundle; includeInIndex = 0; path = Resource.bundle; sourceTree = BUILT_PRODUCTS_DIR; };
		E86127BD26206D01008365BC /* nl */ = {isa = PBXFileReference; lastKnownFileType = text.plist.strings; name = nl; path = nl.lproj/MantisLocalizable.strings; sourceTree = "<group>"; };
		FEDAAD8525205CC300D95667 /* RatioSelector.swift */ = {isa = PBXFileReference; lastKnownFileType = sourcecode.swift; path = RatioSelector.swift; sourceTree = "<group>"; };
		FEDAAD8B25205DE900D95667 /* RatioItemView.swift */ = {isa = PBXFileReference; lastKnownFileType = sourcecode.swift; path = RatioItemView.swift; sourceTree = "<group>"; };
		"Mantis::Mantis::Product" /* Mantis.framework */ = {isa = PBXFileReference; explicitFileType = wrapper.framework; path = Mantis.framework; sourceTree = BUILT_PRODUCTS_DIR; };
		"Mantis::MantisTests::Product" /* MantisTests.xctest */ = {isa = PBXFileReference; explicitFileType = wrapper.cfbundle; path = MantisTests.xctest; sourceTree = BUILT_PRODUCTS_DIR; };
		OBJ_10 /* Info.plist */ = {isa = PBXFileReference; lastKnownFileType = text.plist.xml; path = Info.plist; sourceTree = "<group>"; };
		OBJ_12 /* CropBoxFreeAspectFrameUpdater.swift */ = {isa = PBXFileReference; lastKnownFileType = sourcecode.swift; path = CropBoxFreeAspectFrameUpdater.swift; sourceTree = "<group>"; };
		OBJ_13 /* CropBoxLockedAspectFrameUpdater.swift */ = {isa = PBXFileReference; lastKnownFileType = sourcecode.swift; path = CropBoxLockedAspectFrameUpdater.swift; sourceTree = "<group>"; };
		OBJ_14 /* CropMaskViewManager.swift */ = {isa = PBXFileReference; lastKnownFileType = sourcecode.swift; path = CropMaskViewManager.swift; sourceTree = "<group>"; };
		OBJ_15 /* CropAuxiliaryIndicatorView.swift */ = {isa = PBXFileReference; lastKnownFileType = sourcecode.swift; path = CropAuxiliaryIndicatorView.swift; sourceTree = "<group>"; };
		OBJ_16 /* CropWorkbenchView.swift */ = {isa = PBXFileReference; lastKnownFileType = sourcecode.swift; path = CropWorkbenchView.swift; sourceTree = "<group>"; };
		OBJ_17 /* CropView+Touches.swift */ = {isa = PBXFileReference; lastKnownFileType = sourcecode.swift; path = "CropView+Touches.swift"; sourceTree = "<group>"; };
		OBJ_18 /* CropView+UIScrollViewDelegate.swift */ = {isa = PBXFileReference; lastKnownFileType = sourcecode.swift; path = "CropView+UIScrollViewDelegate.swift"; sourceTree = "<group>"; };
		OBJ_19 /* CropView.swift */ = {isa = PBXFileReference; lastKnownFileType = sourcecode.swift; path = CropView.swift; sourceTree = "<group>"; };
		OBJ_20 /* CropViewModel.swift */ = {isa = PBXFileReference; lastKnownFileType = sourcecode.swift; path = CropViewModel.swift; sourceTree = "<group>"; };
		OBJ_21 /* CropViewStatus.swift */ = {isa = PBXFileReference; lastKnownFileType = sourcecode.swift; path = CropViewStatus.swift; sourceTree = "<group>"; };
		OBJ_22 /* ImageContainer.swift */ = {isa = PBXFileReference; lastKnownFileType = sourcecode.swift; path = ImageContainer.swift; sourceTree = "<group>"; };
		OBJ_24 /* CropToolbar.swift */ = {isa = PBXFileReference; lastKnownFileType = sourcecode.swift; path = CropToolbar.swift; sourceTree = "<group>"; };
		OBJ_25 /* CropViewController.swift */ = {isa = PBXFileReference; lastKnownFileType = sourcecode.swift; path = CropViewController.swift; sourceTree = "<group>"; };
		OBJ_26 /* FixedRatioManager.swift */ = {isa = PBXFileReference; lastKnownFileType = sourcecode.swift; path = FixedRatioManager.swift; sourceTree = "<group>"; };
		OBJ_27 /* RatioPresenter.swift */ = {isa = PBXFileReference; lastKnownFileType = sourcecode.swift; path = RatioPresenter.swift; sourceTree = "<group>"; };
		OBJ_28 /* ToolBarButtonImageBuilder.swift */ = {isa = PBXFileReference; lastKnownFileType = sourcecode.swift; path = ToolBarButtonImageBuilder.swift; sourceTree = "<group>"; };
		OBJ_30 /* CGImageExtensions.swift */ = {isa = PBXFileReference; lastKnownFileType = sourcecode.swift; path = CGImageExtensions.swift; sourceTree = "<group>"; };
		OBJ_31 /* CoreGraphicsExtensions.swift */ = {isa = PBXFileReference; lastKnownFileType = sourcecode.swift; path = CoreGraphicsExtensions.swift; sourceTree = "<group>"; };
		OBJ_32 /* UIImageExtensions.swift */ = {isa = PBXFileReference; lastKnownFileType = sourcecode.swift; path = UIImageExtensions.swift; sourceTree = "<group>"; };
		OBJ_34 /* GeometryHelper.swift */ = {isa = PBXFileReference; lastKnownFileType = sourcecode.swift; path = GeometryHelper.swift; sourceTree = "<group>"; };
		OBJ_35 /* LocalizedHelper.swift */ = {isa = PBXFileReference; lastKnownFileType = sourcecode.swift; path = LocalizedHelper.swift; sourceTree = "<group>"; };
		OBJ_36 /* Mantis.swift */ = {isa = PBXFileReference; lastKnownFileType = sourcecode.swift; path = Mantis.swift; sourceTree = "<group>"; };
		OBJ_38 /* CropDimmingView.swift */ = {isa = PBXFileReference; lastKnownFileType = sourcecode.swift; path = CropDimmingView.swift; sourceTree = "<group>"; };
		OBJ_39 /* CropMaskProtocal.swift */ = {isa = PBXFileReference; lastKnownFileType = sourcecode.swift; path = CropMaskProtocal.swift; sourceTree = "<group>"; };
		OBJ_40 /* CropVisualEffectView.swift */ = {isa = PBXFileReference; lastKnownFileType = sourcecode.swift; path = CropVisualEffectView.swift; sourceTree = "<group>"; };
		OBJ_41 /* RatioOptions.swift */ = {isa = PBXFileReference; lastKnownFileType = sourcecode.swift; path = RatioOptions.swift; sourceTree = "<group>"; };
		OBJ_43 /* CGAngle.swift */ = {isa = PBXFileReference; lastKnownFileType = sourcecode.swift; path = CGAngle.swift; sourceTree = "<group>"; };
		OBJ_45 /* RotationCalculator.swift */ = {isa = PBXFileReference; lastKnownFileType = sourcecode.swift; path = RotationCalculator.swift; sourceTree = "<group>"; };
		OBJ_46 /* RotationDial+Touches.swift */ = {isa = PBXFileReference; lastKnownFileType = sourcecode.swift; path = "RotationDial+Touches.swift"; sourceTree = "<group>"; };
		OBJ_47 /* RotationDial.swift */ = {isa = PBXFileReference; lastKnownFileType = sourcecode.swift; path = RotationDial.swift; sourceTree = "<group>"; };
		OBJ_48 /* RotationDialPlate.swift */ = {isa = PBXFileReference; lastKnownFileType = sourcecode.swift; path = RotationDialPlate.swift; sourceTree = "<group>"; };
		OBJ_49 /* RotationDialViewModel.swift */ = {isa = PBXFileReference; lastKnownFileType = sourcecode.swift; path = RotationDialViewModel.swift; sourceTree = "<group>"; };
		OBJ_52 /* MantisTests.swift */ = {isa = PBXFileReference; lastKnownFileType = sourcecode.swift; path = MantisTests.swift; sourceTree = "<group>"; };
		OBJ_53 /* XCTestManifests.swift */ = {isa = PBXFileReference; lastKnownFileType = sourcecode.swift; path = XCTestManifests.swift; sourceTree = "<group>"; };
		OBJ_57 /* Images */ = {isa = PBXFileReference; lastKnownFileType = folder; path = Images; sourceTree = SOURCE_ROOT; };
		OBJ_59 /* MantisTests */ = {isa = PBXFileReference; lastKnownFileType = folder; path = MantisTests; sourceTree = SOURCE_ROOT; };
		OBJ_6 /* Package.swift */ = {isa = PBXFileReference; explicitFileType = sourcecode.swift; path = Package.swift; sourceTree = "<group>"; };
		OBJ_60 /* LICENSE */ = {isa = PBXFileReference; lastKnownFileType = text; path = LICENSE; sourceTree = "<group>"; };
		OBJ_61 /* README.md */ = {isa = PBXFileReference; lastKnownFileType = net.daringfireball.markdown; path = README.md; sourceTree = "<group>"; };
		OBJ_62 /* logo.png */ = {isa = PBXFileReference; lastKnownFileType = image.png; path = logo.png; sourceTree = "<group>"; };
		OBJ_63 /* Mantis.podspec */ = {isa = PBXFileReference; lastKnownFileType = text; path = Mantis.podspec; sourceTree = "<group>"; xcLanguageSpecificationIdentifier = xcode.lang.ruby; };
		OBJ_9 /* Mantis.h */ = {isa = PBXFileReference; lastKnownFileType = sourcecode.c.h; path = Mantis.h; sourceTree = "<group>"; };
/* End PBXFileReference section */

/* Begin PBXFrameworksBuildPhase section */
		8EFB6F5125D16A9E00C0DDB2 /* Frameworks */ = {
			isa = PBXFrameworksBuildPhase;
			buildActionMask = 2147483647;
			files = (
			);
			runOnlyForDeploymentPostprocessing = 0;
		};
		OBJ_102 /* Frameworks */ = {
			isa = PBXFrameworksBuildPhase;
			buildActionMask = 0;
			files = (
			);
			runOnlyForDeploymentPostprocessing = 0;
		};
		OBJ_121 /* Frameworks */ = {
			isa = PBXFrameworksBuildPhase;
			buildActionMask = 0;
			files = (
				OBJ_122 /* Mantis.framework in Frameworks */,
			);
			runOnlyForDeploymentPostprocessing = 0;
		};
/* End PBXFrameworksBuildPhase section */

/* Begin PBXGroup section */
		66100E05294B7040001C8593 /* Protocols */ = {
			isa = PBXGroup;
			children = (
				66100E06294B7059001C8593 /* CropViewProtocol.swift */,
				5F7D22AD245BCA8D0015A0D5 /* CropToolbarProtocol.swift */,
				66100E0A294BAE83001C8593 /* CropViewModelProtocol.swift */,
				66100E0C294BAE94001C8593 /* CropOverlayViewProtocol.swift */,
				66100E10294BAEB6001C8593 /* CropScrollViewProtocol.swift */,
				66100E12294BAEC4001C8593 /* CropMaskViewManagerProtocol.swift */,
				66100E08294BAE46001C8593 /* ImageContainerProtocol.swift */,
				66100E0E294BAEA5001C8593 /* RotationDialProtocol.swift */,
				66F439872978376F00728B52 /* RotationDialViewModelProtocol.swift */,
				66F43991297A123400728B52 /* CropViewControllerDelegate.swift */,
			);
			path = Protocols;
			sourceTree = "<group>";
		};
		8EFB6F3425D154D900C0DDB2 /* Resources */ = {
			isa = PBXGroup;
			children = (
				8EFB6F3525D154D900C0DDB2 /* MantisLocalizable.strings */,
			);
			path = Resources;
			sourceTree = "<group>";
		};
		OBJ_11 /* CropView */ = {
			isa = PBXGroup;
			children = (
				OBJ_12 /* CropBoxFreeAspectFrameUpdater.swift */,
				OBJ_13 /* CropBoxLockedAspectFrameUpdater.swift */,
				OBJ_14 /* CropMaskViewManager.swift */,
				OBJ_15 /* CropAuxiliaryIndicatorView.swift */,
				OBJ_16 /* CropWorkbenchView.swift */,
				OBJ_17 /* CropView+Touches.swift */,
				OBJ_18 /* CropView+UIScrollViewDelegate.swift */,
				OBJ_19 /* CropView.swift */,
				OBJ_20 /* CropViewModel.swift */,
				OBJ_21 /* CropViewStatus.swift */,
				OBJ_22 /* ImageContainer.swift */,
			);
			path = CropView;
			sourceTree = "<group>";
		};
		OBJ_23 /* CropViewController */ = {
			isa = PBXGroup;
			children = (
				OBJ_24 /* CropToolbar.swift */,
				OBJ_25 /* CropViewController.swift */,
				OBJ_26 /* FixedRatioManager.swift */,
				OBJ_27 /* RatioPresenter.swift */,
				OBJ_28 /* ToolBarButtonImageBuilder.swift */,
				66F909BE287D22E7007E2FC6 /* ToolBarButtonImageBuilder+DrawImage.swift */,
				FEDAAD8525205CC300D95667 /* RatioSelector.swift */,
				FEDAAD8B25205DE900D95667 /* RatioItemView.swift */,
			);
			path = CropViewController;
			sourceTree = "<group>";
		};
		OBJ_29 /* Extensions */ = {
			isa = PBXGroup;
			children = (
				OBJ_30 /* CGImageExtensions.swift */,
				OBJ_31 /* CoreGraphicsExtensions.swift */,
				OBJ_32 /* UIImageExtensions.swift */,
				66F4398D2978F6E400728B52 /* UIViewExtensions.swift */,
				66EDABDB297E6D3200EAD5DC /* CGAffineTransformExtensions.swift */,
			);
			path = Extensions;
			sourceTree = "<group>";
		};
		OBJ_33 /* Helpers */ = {
			isa = PBXGroup;
			children = (
				5F17E409253535F300A3EB7D /* Orientation.swift */,
				OBJ_34 /* GeometryHelper.swift */,
				OBJ_35 /* LocalizedHelper.swift */,
			);
			path = Helpers;
			sourceTree = "<group>";
		};
		OBJ_37 /* MaskBackground */ = {
			isa = PBXGroup;
			children = (
				OBJ_38 /* CropDimmingView.swift */,
				OBJ_39 /* CropMaskProtocal.swift */,
				OBJ_40 /* CropVisualEffectView.swift */,
			);
			path = MaskBackground;
			sourceTree = "<group>";
		};
		OBJ_42 /* RotationDial */ = {
			isa = PBXGroup;
			children = (
				OBJ_43 /* CGAngle.swift */,
				269AF94127437EE400F7FAF6 /* DialConfig.swift */,
				OBJ_45 /* RotationCalculator.swift */,
				OBJ_46 /* RotationDial+Touches.swift */,
				OBJ_47 /* RotationDial.swift */,
				OBJ_48 /* RotationDialPlate.swift */,
				OBJ_49 /* RotationDialViewModel.swift */,
			);
			path = RotationDial;
			sourceTree = "<group>";
		};
		OBJ_5 = {
			isa = PBXGroup;
			children = (
				OBJ_6 /* Package.swift */,
				OBJ_7 /* Sources */,
				OBJ_50 /* Tests */,
				OBJ_54 /* Products */,
				OBJ_57 /* Images */,
				OBJ_59 /* MantisTests */,
				OBJ_60 /* LICENSE */,
				OBJ_61 /* README.md */,
				OBJ_62 /* logo.png */,
				OBJ_63 /* Mantis.podspec */,
			);
			sourceTree = "<group>";
		};
		OBJ_50 /* Tests */ = {
			isa = PBXGroup;
			children = (
				OBJ_51 /* MantisTests */,
			);
			name = Tests;
			sourceTree = SOURCE_ROOT;
		};
		OBJ_51 /* MantisTests */ = {
			isa = PBXGroup;
			children = (
				OBJ_52 /* MantisTests.swift */,
				OBJ_53 /* XCTestManifests.swift */,
				66F439892978539700728B52 /* RotationDialViewModelTests.swift */,
				66F4398F2979472C00728B52 /* CropViewModelTests.swift */,
			);
			name = MantisTests;
			path = Tests/MantisTests;
			sourceTree = SOURCE_ROOT;
		};
		OBJ_54 /* Products */ = {
			isa = PBXGroup;
			children = (
				"Mantis::MantisTests::Product" /* MantisTests.xctest */,
				"Mantis::Mantis::Product" /* Mantis.framework */,
				8EFB6F5425D16A9E00C0DDB2 /* Resource.bundle */,
			);
			name = Products;
			sourceTree = BUILT_PRODUCTS_DIR;
		};
		OBJ_7 /* Sources */ = {
			isa = PBXGroup;
			children = (
				OBJ_8 /* Mantis */,
			);
			name = Sources;
			sourceTree = SOURCE_ROOT;
		};
		OBJ_8 /* Mantis */ = {
			isa = PBXGroup;
			children = (
				66100E05294B7040001C8593 /* Protocols */,
				OBJ_9 /* Mantis.h */,
				OBJ_36 /* Mantis.swift */,
				6659429C2877DAE80096A5DB /* Config.swift */,
				663FCF3728866DDA003D3B9E /* CropViewConfig.swift */,
				663FCF3828866DDA003D3B9E /* CropToolbarConfig.swift */,
				6659429E2877DC8A0096A5DB /* Enum.swift */,
				665942A02877DD1C0096A5DB /* TypeAlias.swift */,
				OBJ_41 /* RatioOptions.swift */,
				5FCE938624834C57002BBE65 /* ToolbarButtonOptions.swift */,
				5F69CC5D26C0629400568B75 /* Definition.swift */,
				664A7E9E2884606800DF7C79 /* Global.swift */,
				OBJ_10 /* Info.plist */,
				OBJ_11 /* CropView */,
				OBJ_23 /* CropViewController */,
				OBJ_29 /* Extensions */,
				8EFB6F3425D154D900C0DDB2 /* Resources */,
				OBJ_33 /* Helpers */,
				OBJ_37 /* MaskBackground */,
				OBJ_42 /* RotationDial */,
			);
			name = Mantis;
			path = Sources/Mantis;
			sourceTree = SOURCE_ROOT;
		};
/* End PBXGroup section */

/* Begin PBXNativeTarget section */
		8EFB6F5325D16A9E00C0DDB2 /* Mantis-Resource */ = {
			isa = PBXNativeTarget;
			buildConfigurationList = 8EFB6F5725D16A9F00C0DDB2 /* Build configuration list for PBXNativeTarget "Mantis-Resource" */;
			buildPhases = (
				8EFB6F5025D16A9E00C0DDB2 /* Sources */,
				8EFB6F5125D16A9E00C0DDB2 /* Frameworks */,
				8EFB6F5225D16A9E00C0DDB2 /* Resources */,
			);
			buildRules = (
			);
			dependencies = (
			);
			name = "Mantis-Resource";
			productName = Resource;
			productReference = 8EFB6F5425D16A9E00C0DDB2 /* Resource.bundle */;
			productType = "com.apple.product-type.bundle";
		};
		"Mantis::Mantis" /* Mantis */ = {
			isa = PBXNativeTarget;
			buildConfigurationList = OBJ_65 /* Build configuration list for PBXNativeTarget "Mantis" */;
			buildPhases = (
				OBJ_68 /* Sources */,
				OBJ_102 /* Frameworks */,
				8EFB6F3325D1548800C0DDB2 /* Resources */,
				5F69CC5726BF89F900568B75 /* ShellScript */,
			);
			buildRules = (
			);
			dependencies = (
				8EFB6F6625D16AE300C0DDB2 /* PBXTargetDependency */,
			);
			name = Mantis;
			productName = Mantis;
			productReference = "Mantis::Mantis::Product" /* Mantis.framework */;
			productType = "com.apple.product-type.framework";
		};
		"Mantis::MantisTests" /* MantisTests */ = {
			isa = PBXNativeTarget;
			buildConfigurationList = OBJ_115 /* Build configuration list for PBXNativeTarget "MantisTests" */;
			buildPhases = (
				OBJ_118 /* Sources */,
				OBJ_121 /* Frameworks */,
			);
			buildRules = (
			);
			dependencies = (
				OBJ_123 /* PBXTargetDependency */,
			);
			name = MantisTests;
			productName = MantisTests;
			productReference = "Mantis::MantisTests::Product" /* MantisTests.xctest */;
			productType = "com.apple.product-type.bundle.unit-test";
		};
		"Mantis::SwiftPMPackageDescription" /* MantisPackageDescription */ = {
			isa = PBXNativeTarget;
			buildConfigurationList = OBJ_104 /* Build configuration list for PBXNativeTarget "MantisPackageDescription" */;
			buildPhases = (
				OBJ_107 /* Sources */,
			);
			buildRules = (
			);
			dependencies = (
			);
			name = MantisPackageDescription;
			productName = MantisPackageDescription;
			productType = "com.apple.product-type.framework";
		};
/* End PBXNativeTarget section */

/* Begin PBXProject section */
		OBJ_1 /* Project object */ = {
			isa = PBXProject;
			attributes = {
				LastSwiftMigration = 9999;
				LastUpgradeCheck = 1340;
				TargetAttributes = {
					8EFB6F5325D16A9E00C0DDB2 = {
						CreatedOnToolsVersion = 12.4;
						ProvisioningStyle = Automatic;
					};
				};
			};
			buildConfigurationList = OBJ_2 /* Build configuration list for PBXProject "Mantis" */;
			compatibilityVersion = "Xcode 3.2";
			developmentRegion = en;
			hasScannedForEncodings = 0;
			knownRegions = (
				en,
				Base,
				de,
				ar,
				"zh-Hans",
				ja,
				es,
				it,
				"ko-KR",
				ko,
				"zh-Hant",
				ru,
				fr,
				"pt-PT",
				nl,
			);
			mainGroup = OBJ_5;
			productRefGroup = OBJ_54 /* Products */;
			projectDirPath = "";
			projectRoot = "";
			targets = (
				"Mantis::Mantis" /* Mantis */,
				"Mantis::SwiftPMPackageDescription" /* MantisPackageDescription */,
				"Mantis::MantisPackageTests::ProductTarget" /* MantisPackageTests */,
				"Mantis::MantisTests" /* MantisTests */,
				8EFB6F5325D16A9E00C0DDB2 /* Mantis-Resource */,
			);
		};
/* End PBXProject section */

/* Begin PBXResourcesBuildPhase section */
		8EFB6F3325D1548800C0DDB2 /* Resources */ = {
			isa = PBXResourcesBuildPhase;
			buildActionMask = 2147483647;
			files = (
				8EFB6FB125D187A000C0DDB2 /* Resource.bundle in Resources */,
			);
			runOnlyForDeploymentPostprocessing = 0;
		};
		8EFB6F5225D16A9E00C0DDB2 /* Resources */ = {
			isa = PBXResourcesBuildPhase;
			buildActionMask = 2147483647;
			files = (
				8EFB6F6725D16B0F00C0DDB2 /* MantisLocalizable.strings in Resources */,
			);
			runOnlyForDeploymentPostprocessing = 0;
		};
/* End PBXResourcesBuildPhase section */

/* Begin PBXShellScriptBuildPhase section */
		5F69CC5726BF89F900568B75 /* ShellScript */ = {
			isa = PBXShellScriptBuildPhase;
			alwaysOutOfDate = 1;
			buildActionMask = 2147483647;
			files = (
			);
			inputFileListPaths = (
			);
			inputPaths = (
			);
			outputFileListPaths = (
			);
			outputPaths = (
			);
			runOnlyForDeploymentPostprocessing = 0;
			shellPath = /bin/sh;
			shellScript = "alias swiftlint=\"/opt/homebrew/bin/swiftlint\"\nif swiftlint >/dev/null; then\n  swiftlint\nelse\n  echo \"warning: SwiftLint not installed, download from https://github.com/realm/SwiftLint\"\nfi\n";
		};
/* End PBXShellScriptBuildPhase section */

/* Begin PBXSourcesBuildPhase section */
		8EFB6F5025D16A9E00C0DDB2 /* Sources */ = {
			isa = PBXSourcesBuildPhase;
			buildActionMask = 2147483647;
			files = (
			);
			runOnlyForDeploymentPostprocessing = 0;
		};
		OBJ_107 /* Sources */ = {
			isa = PBXSourcesBuildPhase;
			buildActionMask = 0;
			files = (
				OBJ_108 /* Package.swift in Sources */,
			);
			runOnlyForDeploymentPostprocessing = 0;
		};
		OBJ_118 /* Sources */ = {
			isa = PBXSourcesBuildPhase;
			buildActionMask = 0;
			files = (
				OBJ_119 /* MantisTests.swift in Sources */,
				66F4398A2978539700728B52 /* RotationDialViewModelTests.swift in Sources */,
				66F439902979472C00728B52 /* CropViewModelTests.swift in Sources */,
				OBJ_120 /* XCTestManifests.swift in Sources */,
			);
			runOnlyForDeploymentPostprocessing = 0;
		};
		OBJ_68 /* Sources */ = {
			isa = PBXSourcesBuildPhase;
			buildActionMask = 0;
			files = (
				66F439882978376F00728B52 /* RotationDialViewModelProtocol.swift in Sources */,
				OBJ_69 /* CropBoxFreeAspectFrameUpdater.swift in Sources */,
				OBJ_70 /* CropBoxLockedAspectFrameUpdater.swift in Sources */,
				OBJ_71 /* CropMaskViewManager.swift in Sources */,
				66100E11294BAEB6001C8593 /* CropScrollViewProtocol.swift in Sources */,
				OBJ_72 /* CropAuxiliaryIndicatorView.swift in Sources */,
				OBJ_73 /* CropWorkbenchView.swift in Sources */,
				66F909BF287D22E7007E2FC6 /* ToolBarButtonImageBuilder+DrawImage.swift in Sources */,
				OBJ_74 /* CropView+Touches.swift in Sources */,
				OBJ_75 /* CropView+UIScrollViewDelegate.swift in Sources */,
				664A7E9F2884606800DF7C79 /* Global.swift in Sources */,
				66F4398E2978F6E400728B52 /* UIViewExtensions.swift in Sources */,
				OBJ_76 /* CropView.swift in Sources */,
				OBJ_77 /* CropViewModel.swift in Sources */,
				6659429F2877DC8A0096A5DB /* Enum.swift in Sources */,
				66100E13294BAEC4001C8593 /* CropMaskViewManagerProtocol.swift in Sources */,
				OBJ_78 /* CropViewStatus.swift in Sources */,
				OBJ_79 /* ImageContainer.swift in Sources */,
				66100E07294B7059001C8593 /* CropViewProtocol.swift in Sources */,
				66100E0F294BAEA5001C8593 /* RotationDialProtocol.swift in Sources */,
				66100E09294BAE46001C8593 /* ImageContainerProtocol.swift in Sources */,
				5F7D22AE245BCA8D0015A0D5 /* CropToolbarProtocol.swift in Sources */,
				OBJ_80 /* CropToolbar.swift in Sources */,
				OBJ_81 /* CropViewController.swift in Sources */,
				OBJ_82 /* FixedRatioManager.swift in Sources */,
				OBJ_83 /* RatioPresenter.swift in Sources */,
				66100E0D294BAE94001C8593 /* CropOverlayViewProtocol.swift in Sources */,
				OBJ_84 /* ToolBarButtonImageBuilder.swift in Sources */,
				5FCE938724834C57002BBE65 /* ToolbarButtonOptions.swift in Sources */,
				OBJ_85 /* CGImageExtensions.swift in Sources */,
				OBJ_86 /* CoreGraphicsExtensions.swift in Sources */,
				5F69CC5E26C0629400568B75 /* Definition.swift in Sources */,
				OBJ_87 /* UIImageExtensions.swift in Sources */,
				OBJ_88 /* GeometryHelper.swift in Sources */,
				66EDABDC297E6D3200EAD5DC /* CGAffineTransformExtensions.swift in Sources */,
				663FCF3928866DDA003D3B9E /* CropViewConfig.swift in Sources */,
				OBJ_89 /* LocalizedHelper.swift in Sources */,
				OBJ_90 /* Mantis.swift in Sources */,
				5F17E40A253535F300A3EB7D /* Orientation.swift in Sources */,
				OBJ_91 /* CropDimmingView.swift in Sources */,
				OBJ_92 /* CropMaskProtocal.swift in Sources */,
				FEDAAD8C25205DE900D95667 /* RatioItemView.swift in Sources */,
				665942A12877DD1C0096A5DB /* TypeAlias.swift in Sources */,
				FEDAAD8625205CC300D95667 /* RatioSelector.swift in Sources */,
				OBJ_93 /* CropVisualEffectView.swift in Sources */,
				269AF94227437EE400F7FAF6 /* DialConfig.swift in Sources */,
				OBJ_94 /* RatioOptions.swift in Sources */,
				OBJ_95 /* CGAngle.swift in Sources */,
				OBJ_97 /* RotationCalculator.swift in Sources */,
				OBJ_98 /* RotationDial+Touches.swift in Sources */,
				66100E0B294BAE83001C8593 /* CropViewModelProtocol.swift in Sources */,
				66F43992297A123400728B52 /* CropViewControllerDelegate.swift in Sources */,
				OBJ_99 /* RotationDial.swift in Sources */,
				6659429D2877DAE80096A5DB /* Config.swift in Sources */,
				OBJ_100 /* RotationDialPlate.swift in Sources */,
				OBJ_101 /* RotationDialViewModel.swift in Sources */,
				663FCF3A28866DDA003D3B9E /* CropToolbarConfig.swift in Sources */,
			);
			runOnlyForDeploymentPostprocessing = 0;
		};
/* End PBXSourcesBuildPhase section */

/* Begin PBXTargetDependency section */
		8EFB6F6625D16AE300C0DDB2 /* PBXTargetDependency */ = {
			isa = PBXTargetDependency;
			target = 8EFB6F5325D16A9E00C0DDB2 /* Mantis-Resource */;
			targetProxy = 8EFB6F6525D16AE300C0DDB2 /* PBXContainerItemProxy */;
		};
		OBJ_113 /* PBXTargetDependency */ = {
			isa = PBXTargetDependency;
			target = "Mantis::MantisTests" /* MantisTests */;
			targetProxy = 5FCA33F8240B93E40083D8EB /* PBXContainerItemProxy */;
		};
		OBJ_123 /* PBXTargetDependency */ = {
			isa = PBXTargetDependency;
			target = "Mantis::Mantis" /* Mantis */;
			targetProxy = 5FCA33F7240B93B10083D8EB /* PBXContainerItemProxy */;
		};
/* End PBXTargetDependency section */

/* Begin PBXVariantGroup section */
		8EFB6F3525D154D900C0DDB2 /* MantisLocalizable.strings */ = {
			isa = PBXVariantGroup;
			children = (
				8EFB6F3625D154D900C0DDB2 /* de */,
				8EFB6F3725D154D900C0DDB2 /* ar */,
				8EFB6F3825D154D900C0DDB2 /* zh-Hans */,
				8EFB6F3925D154D900C0DDB2 /* ja */,
				8EFB6F3A25D154D900C0DDB2 /* en */,
				8EFB6F3B25D154D900C0DDB2 /* es */,
				8EFB6F3C25D154D900C0DDB2 /* it */,
				8EFB6F3D25D154D900C0DDB2 /* ko-KR */,
				8EFB6F3E25D154D900C0DDB2 /* ko */,
				8EFB6F3F25D154D900C0DDB2 /* zh-Hant */,
				8EFB6F4025D154D900C0DDB2 /* ru */,
				8EFB6F4125D154D900C0DDB2 /* fr */,
				8EFB6F4225D154D900C0DDB2 /* pt-PT */,
				E86127BD26206D01008365BC /* nl */,
			);
			name = MantisLocalizable.strings;
			sourceTree = "<group>";
		};
/* End PBXVariantGroup section */

/* Begin XCBuildConfiguration section */
		8EFB6F5825D16A9F00C0DDB2 /* Debug */ = {
			isa = XCBuildConfiguration;
			buildSettings = {
				ALWAYS_SEARCH_USER_PATHS = NO;
				CLANG_ANALYZER_NONNULL = YES;
				CLANG_ANALYZER_NUMBER_OBJECT_CONVERSION = YES_AGGRESSIVE;
				CLANG_CXX_LANGUAGE_STANDARD = "gnu++14";
				CLANG_CXX_LIBRARY = "libc++";
				CLANG_ENABLE_MODULES = YES;
				CLANG_ENABLE_OBJC_WEAK = YES;
				CLANG_WARN_DIRECT_OBJC_ISA_USAGE = YES_ERROR;
				CLANG_WARN_DOCUMENTATION_COMMENTS = YES;
				CLANG_WARN_OBJC_ROOT_CLASS = YES_ERROR;
				CLANG_WARN_UNGUARDED_AVAILABILITY = YES_AGGRESSIVE;
				CODE_SIGN_STYLE = Automatic;
				COMBINE_HIDPI_IMAGES = YES;
				GCC_C_LANGUAGE_STANDARD = gnu11;
				GCC_DYNAMIC_NO_PIC = NO;
				GCC_PREPROCESSOR_DEFINITIONS = (
					"DEBUG=1",
					"$(inherited)",
				);
				GCC_WARN_ABOUT_RETURN_TYPE = YES_ERROR;
				GCC_WARN_UNINITIALIZED_AUTOS = YES_AGGRESSIVE;
				INFOPLIST_FILE = Sources/Mantis/Resources/Info.plist;
				INSTALL_PATH = "$(LOCAL_LIBRARY_DIR)/Bundles";
				MTL_ENABLE_DEBUG_INFO = INCLUDE_SOURCE;
				MTL_FAST_MATH = YES;
				PRODUCT_BUNDLE_IDENTIFIER = com.echo.framework.Mantis;
				PRODUCT_NAME = Resource;
				SDKROOT = iphoneos;
				SKIP_INSTALL = YES;
				TARGETED_DEVICE_FAMILY = "1,2";
				WRAPPER_EXTENSION = bundle;
			};
			name = Debug;
		};
		8EFB6F5925D16A9F00C0DDB2 /* Release */ = {
			isa = XCBuildConfiguration;
			buildSettings = {
				ALWAYS_SEARCH_USER_PATHS = NO;
				CLANG_ANALYZER_NONNULL = YES;
				CLANG_ANALYZER_NUMBER_OBJECT_CONVERSION = YES_AGGRESSIVE;
				CLANG_CXX_LANGUAGE_STANDARD = "gnu++14";
				CLANG_CXX_LIBRARY = "libc++";
				CLANG_ENABLE_MODULES = YES;
				CLANG_ENABLE_OBJC_WEAK = YES;
				CLANG_WARN_DIRECT_OBJC_ISA_USAGE = YES_ERROR;
				CLANG_WARN_DOCUMENTATION_COMMENTS = YES;
				CLANG_WARN_OBJC_ROOT_CLASS = YES_ERROR;
				CLANG_WARN_UNGUARDED_AVAILABILITY = YES_AGGRESSIVE;
				CODE_SIGN_STYLE = Automatic;
				COMBINE_HIDPI_IMAGES = YES;
				COPY_PHASE_STRIP = NO;
				ENABLE_NS_ASSERTIONS = NO;
				GCC_C_LANGUAGE_STANDARD = gnu11;
				GCC_WARN_ABOUT_RETURN_TYPE = YES_ERROR;
				GCC_WARN_UNINITIALIZED_AUTOS = YES_AGGRESSIVE;
				INFOPLIST_FILE = Sources/Mantis/Resources/Info.plist;
				INSTALL_PATH = "$(LOCAL_LIBRARY_DIR)/Bundles";
				MTL_ENABLE_DEBUG_INFO = NO;
				MTL_FAST_MATH = YES;
				PRODUCT_BUNDLE_IDENTIFIER = com.echo.framework.Mantis;
				PRODUCT_NAME = Resource;
				SDKROOT = iphoneos;
				SKIP_INSTALL = YES;
				TARGETED_DEVICE_FAMILY = "1,2";
				WRAPPER_EXTENSION = bundle;
			};
			name = Release;
		};
		OBJ_105 /* Debug */ = {
			isa = XCBuildConfiguration;
			buildSettings = {
				LD = /usr/bin/true;
				OTHER_SWIFT_FLAGS = "-swift-version 5 -I $(TOOLCHAIN_DIR)/usr/lib/swift/pm/4_2 -target x86_64-apple-macosx10.10 -sdk /Applications/Xcode.app/Contents/Developer/Platforms/MacOSX.platform/Developer/SDKs/MacOSX10.15.sdk -package-description-version 5.1";
				SWIFT_VERSION = 5.0;
				TARGETED_DEVICE_FAMILY = "1,2";
			};
			name = Debug;
		};
		OBJ_106 /* Release */ = {
			isa = XCBuildConfiguration;
			buildSettings = {
				LD = /usr/bin/true;
				OTHER_SWIFT_FLAGS = "-swift-version 5 -I $(TOOLCHAIN_DIR)/usr/lib/swift/pm/4_2 -target x86_64-apple-macosx10.10 -sdk /Applications/Xcode.app/Contents/Developer/Platforms/MacOSX.platform/Developer/SDKs/MacOSX10.15.sdk -package-description-version 5.1";
				SWIFT_VERSION = 5.0;
				TARGETED_DEVICE_FAMILY = "1,2";
			};
			name = Release;
		};
		OBJ_111 /* Debug */ = {
			isa = XCBuildConfiguration;
			buildSettings = {
			};
			name = Debug;
		};
		OBJ_112 /* Release */ = {
			isa = XCBuildConfiguration;
			buildSettings = {
			};
			name = Release;
		};
		OBJ_116 /* Debug */ = {
			isa = XCBuildConfiguration;
			buildSettings = {
				ALWAYS_EMBED_SWIFT_STANDARD_LIBRARIES = YES;
				CLANG_ENABLE_MODULES = YES;
				"CODE_SIGN_IDENTITY[sdk=macosx*]" = "Apple Development";
				FRAMEWORK_SEARCH_PATHS = (
					"$(inherited)",
					"$(PLATFORM_DIR)/Developer/Library/Frameworks",
				);
				HEADER_SEARCH_PATHS = "$(inherited)";
				INFOPLIST_FILE = Mantis.xcodeproj/MantisTests_Info.plist;
				IPHONEOS_DEPLOYMENT_TARGET = 12.0;
				LD_RUNPATH_SEARCH_PATHS = (
					"$(inherited)",
					"@loader_path/../Frameworks",
					"@loader_path/Frameworks",
				);
				MACOSX_DEPLOYMENT_TARGET = 10.15;
				OTHER_CFLAGS = "$(inherited)";
				OTHER_LDFLAGS = "$(inherited)";
				OTHER_SWIFT_FLAGS = "$(inherited)";
				SWIFT_ACTIVE_COMPILATION_CONDITIONS = "$(inherited)";
				SWIFT_VERSION = 5.0;
				TARGET_NAME = MantisTests;
				TVOS_DEPLOYMENT_TARGET = 12.0;
				WATCHOS_DEPLOYMENT_TARGET = 2.0;
			};
			name = Debug;
		};
		OBJ_117 /* Release */ = {
			isa = XCBuildConfiguration;
			buildSettings = {
				ALWAYS_EMBED_SWIFT_STANDARD_LIBRARIES = YES;
				CLANG_ENABLE_MODULES = YES;
				"CODE_SIGN_IDENTITY[sdk=macosx*]" = "Apple Development";
				FRAMEWORK_SEARCH_PATHS = (
					"$(inherited)",
					"$(PLATFORM_DIR)/Developer/Library/Frameworks",
				);
				HEADER_SEARCH_PATHS = "$(inherited)";
				INFOPLIST_FILE = Mantis.xcodeproj/MantisTests_Info.plist;
				IPHONEOS_DEPLOYMENT_TARGET = 12.0;
				LD_RUNPATH_SEARCH_PATHS = (
					"$(inherited)",
					"@loader_path/../Frameworks",
					"@loader_path/Frameworks",
				);
				MACOSX_DEPLOYMENT_TARGET = 10.15;
				OTHER_CFLAGS = "$(inherited)";
				OTHER_LDFLAGS = "$(inherited)";
				OTHER_SWIFT_FLAGS = "$(inherited)";
				SWIFT_ACTIVE_COMPILATION_CONDITIONS = "$(inherited)";
				SWIFT_VERSION = 5.0;
				TARGET_NAME = MantisTests;
				TVOS_DEPLOYMENT_TARGET = 12.0;
				WATCHOS_DEPLOYMENT_TARGET = 2.0;
			};
			name = Release;
		};
		OBJ_3 /* Debug */ = {
			isa = XCBuildConfiguration;
			buildSettings = {
				CLANG_ANALYZER_LOCALIZABILITY_NONLOCALIZED = YES;
				CLANG_ENABLE_OBJC_ARC = YES;
				CLANG_WARN_BLOCK_CAPTURE_AUTORELEASING = YES;
				CLANG_WARN_BOOL_CONVERSION = YES;
				CLANG_WARN_COMMA = YES;
				CLANG_WARN_CONSTANT_CONVERSION = YES;
				CLANG_WARN_DEPRECATED_OBJC_IMPLEMENTATIONS = YES;
				CLANG_WARN_EMPTY_BODY = YES;
				CLANG_WARN_ENUM_CONVERSION = YES;
				CLANG_WARN_INFINITE_RECURSION = YES;
				CLANG_WARN_INT_CONVERSION = YES;
				CLANG_WARN_NON_LITERAL_NULL_CONVERSION = YES;
				CLANG_WARN_OBJC_IMPLICIT_RETAIN_SELF = YES;
				CLANG_WARN_OBJC_LITERAL_CONVERSION = YES;
				CLANG_WARN_QUOTED_INCLUDE_IN_FRAMEWORK_HEADER = YES;
				CLANG_WARN_RANGE_LOOP_ANALYSIS = YES;
				CLANG_WARN_STRICT_PROTOTYPES = YES;
				CLANG_WARN_SUSPICIOUS_MOVE = YES;
				CLANG_WARN_UNREACHABLE_CODE = YES;
				CLANG_WARN__DUPLICATE_METHOD_MATCH = YES;
				COMBINE_HIDPI_IMAGES = YES;
				COPY_PHASE_STRIP = NO;
				DEBUG_INFORMATION_FORMAT = dwarf;
				DYLIB_INSTALL_NAME_BASE = "@rpath";
				ENABLE_NS_ASSERTIONS = YES;
				ENABLE_STRICT_OBJC_MSGSEND = YES;
				ENABLE_TESTABILITY = YES;
				GCC_NO_COMMON_BLOCKS = YES;
				GCC_OPTIMIZATION_LEVEL = 0;
				GCC_PREPROCESSOR_DEFINITIONS = (
					"$(inherited)",
					"SWIFT_PACKAGE=1",
					"DEBUG=1",
				);
				GCC_WARN_64_TO_32_BIT_CONVERSION = YES;
				GCC_WARN_ABOUT_RETURN_TYPE = YES;
				GCC_WARN_UNDECLARED_SELECTOR = YES;
				GCC_WARN_UNINITIALIZED_AUTOS = YES;
				GCC_WARN_UNUSED_FUNCTION = YES;
				GCC_WARN_UNUSED_VARIABLE = YES;
				IPHONEOS_DEPLOYMENT_TARGET = 11.0;
				MACOSX_DEPLOYMENT_TARGET = 10.15;
				ONLY_ACTIVE_ARCH = YES;
				OTHER_SWIFT_FLAGS = "$(inherited) -DXcode";
				PRODUCT_NAME = "$(TARGET_NAME)";
				SDKROOT = iphoneos;
				SUPPORTED_PLATFORMS = "macosx iphoneos iphonesimulator";
				SWIFT_ACTIVE_COMPILATION_CONDITIONS = "$(inherited) SWIFT_PACKAGE DEBUG";
				SWIFT_OPTIMIZATION_LEVEL = "-Onone";
				SWIFT_VERSION = 5.0;
				USE_HEADERMAP = NO;
			};
			name = Debug;
		};
		OBJ_4 /* Release */ = {
			isa = XCBuildConfiguration;
			buildSettings = {
				CLANG_ANALYZER_LOCALIZABILITY_NONLOCALIZED = YES;
				CLANG_ENABLE_OBJC_ARC = YES;
				CLANG_WARN_BLOCK_CAPTURE_AUTORELEASING = YES;
				CLANG_WARN_BOOL_CONVERSION = YES;
				CLANG_WARN_COMMA = YES;
				CLANG_WARN_CONSTANT_CONVERSION = YES;
				CLANG_WARN_DEPRECATED_OBJC_IMPLEMENTATIONS = YES;
				CLANG_WARN_EMPTY_BODY = YES;
				CLANG_WARN_ENUM_CONVERSION = YES;
				CLANG_WARN_INFINITE_RECURSION = YES;
				CLANG_WARN_INT_CONVERSION = YES;
				CLANG_WARN_NON_LITERAL_NULL_CONVERSION = YES;
				CLANG_WARN_OBJC_IMPLICIT_RETAIN_SELF = YES;
				CLANG_WARN_OBJC_LITERAL_CONVERSION = YES;
				CLANG_WARN_QUOTED_INCLUDE_IN_FRAMEWORK_HEADER = YES;
				CLANG_WARN_RANGE_LOOP_ANALYSIS = YES;
				CLANG_WARN_STRICT_PROTOTYPES = YES;
				CLANG_WARN_SUSPICIOUS_MOVE = YES;
				CLANG_WARN_UNREACHABLE_CODE = YES;
				CLANG_WARN__DUPLICATE_METHOD_MATCH = YES;
				COMBINE_HIDPI_IMAGES = YES;
				COPY_PHASE_STRIP = YES;
				DEBUG_INFORMATION_FORMAT = "dwarf-with-dsym";
				DYLIB_INSTALL_NAME_BASE = "@rpath";
				ENABLE_STRICT_OBJC_MSGSEND = YES;
				GCC_NO_COMMON_BLOCKS = YES;
				GCC_OPTIMIZATION_LEVEL = s;
				GCC_PREPROCESSOR_DEFINITIONS = (
					"$(inherited)",
					"SWIFT_PACKAGE=1",
				);
				GCC_WARN_64_TO_32_BIT_CONVERSION = YES;
				GCC_WARN_ABOUT_RETURN_TYPE = YES;
				GCC_WARN_UNDECLARED_SELECTOR = YES;
				GCC_WARN_UNINITIALIZED_AUTOS = YES;
				GCC_WARN_UNUSED_FUNCTION = YES;
				GCC_WARN_UNUSED_VARIABLE = YES;
				IPHONEOS_DEPLOYMENT_TARGET = 11.0;
				MACOSX_DEPLOYMENT_TARGET = 10.15;
				OTHER_SWIFT_FLAGS = "$(inherited) -DXcode";
				PRODUCT_NAME = "$(TARGET_NAME)";
				SDKROOT = iphoneos;
				SUPPORTED_PLATFORMS = "macosx iphoneos iphonesimulator";
				SWIFT_ACTIVE_COMPILATION_CONDITIONS = "$(inherited) SWIFT_PACKAGE";
				SWIFT_COMPILATION_MODE = wholemodule;
				SWIFT_OPTIMIZATION_LEVEL = "-O";
				SWIFT_VERSION = 5.0;
				USE_HEADERMAP = NO;
			};
			name = Release;
		};
		OBJ_66 /* Debug */ = {
			isa = XCBuildConfiguration;
			buildSettings = {
				CURRENT_PROJECT_VERSION = 1;
				ENABLE_TESTABILITY = YES;
				FRAMEWORK_SEARCH_PATHS = (
					"$(inherited)",
					"$(PLATFORM_DIR)/Developer/Library/Frameworks",
				);
				HEADER_SEARCH_PATHS = "$(inherited)";
				INFOPLIST_FILE = Mantis.xcodeproj/Mantis_Info.plist;
				IPHONEOS_DEPLOYMENT_TARGET = 11.0;
				LD_RUNPATH_SEARCH_PATHS = (
					"$(inherited)",
					"$(TOOLCHAIN_DIR)/usr/lib/swift/macosx",
				);
				MACOSX_DEPLOYMENT_TARGET = 10.15;
				MARKETING_VERSION = 2.6.2;
				OTHER_CFLAGS = "$(inherited)";
				OTHER_LDFLAGS = "$(inherited)";
				OTHER_SWIFT_FLAGS = "$(inherited)";
				PRODUCT_BUNDLE_IDENTIFIER = com.echo.framework.Mantis;
				PRODUCT_MODULE_NAME = "$(TARGET_NAME:c99extidentifier)";
				PRODUCT_NAME = "$(TARGET_NAME:c99extidentifier)";
				SKIP_INSTALL = YES;
				SWIFT_ACTIVE_COMPILATION_CONDITIONS = "$(inherited)";
				SWIFT_VERSION = 5.0;
				TARGETED_DEVICE_FAMILY = "1,2";
				TARGET_NAME = Mantis;
				TVOS_DEPLOYMENT_TARGET = 12.0;
				WATCHOS_DEPLOYMENT_TARGET = 2.0;
			};
			name = Debug;
		};
		OBJ_67 /* Release */ = {
			isa = XCBuildConfiguration;
			buildSettings = {
				CURRENT_PROJECT_VERSION = 1;
				ENABLE_TESTABILITY = YES;
				FRAMEWORK_SEARCH_PATHS = (
					"$(inherited)",
					"$(PLATFORM_DIR)/Developer/Library/Frameworks",
				);
				HEADER_SEARCH_PATHS = "$(inherited)";
				INFOPLIST_FILE = Mantis.xcodeproj/Mantis_Info.plist;
				IPHONEOS_DEPLOYMENT_TARGET = 11.0;
				LD_RUNPATH_SEARCH_PATHS = (
					"$(inherited)",
					"$(TOOLCHAIN_DIR)/usr/lib/swift/macosx",
				);
				MACOSX_DEPLOYMENT_TARGET = 10.15;
				MARKETING_VERSION = 2.6.2;
				OTHER_CFLAGS = "$(inherited)";
				OTHER_LDFLAGS = "$(inherited)";
				OTHER_SWIFT_FLAGS = "$(inherited)";
				PRODUCT_BUNDLE_IDENTIFIER = com.echo.framework.Mantis;
				PRODUCT_MODULE_NAME = "$(TARGET_NAME:c99extidentifier)";
				PRODUCT_NAME = "$(TARGET_NAME:c99extidentifier)";
				SKIP_INSTALL = YES;
				SWIFT_ACTIVE_COMPILATION_CONDITIONS = "$(inherited)";
				SWIFT_VERSION = 5.0;
				TARGETED_DEVICE_FAMILY = "1,2";
				TARGET_NAME = Mantis;
				TVOS_DEPLOYMENT_TARGET = 12.0;
				WATCHOS_DEPLOYMENT_TARGET = 2.0;
			};
			name = Release;
		};
/* End XCBuildConfiguration section */

/* Begin XCConfigurationList section */
		8EFB6F5725D16A9F00C0DDB2 /* Build configuration list for PBXNativeTarget "Mantis-Resource" */ = {
			isa = XCConfigurationList;
			buildConfigurations = (
				8EFB6F5825D16A9F00C0DDB2 /* Debug */,
				8EFB6F5925D16A9F00C0DDB2 /* Release */,
			);
			defaultConfigurationIsVisible = 0;
			defaultConfigurationName = Release;
		};
		OBJ_104 /* Build configuration list for PBXNativeTarget "MantisPackageDescription" */ = {
			isa = XCConfigurationList;
			buildConfigurations = (
				OBJ_105 /* Debug */,
				OBJ_106 /* Release */,
			);
			defaultConfigurationIsVisible = 0;
			defaultConfigurationName = Release;
		};
		OBJ_110 /* Build configuration list for PBXAggregateTarget "MantisPackageTests" */ = {
			isa = XCConfigurationList;
			buildConfigurations = (
				OBJ_111 /* Debug */,
				OBJ_112 /* Release */,
			);
			defaultConfigurationIsVisible = 0;
			defaultConfigurationName = Release;
		};
		OBJ_115 /* Build configuration list for PBXNativeTarget "MantisTests" */ = {
			isa = XCConfigurationList;
			buildConfigurations = (
				OBJ_116 /* Debug */,
				OBJ_117 /* Release */,
			);
			defaultConfigurationIsVisible = 0;
			defaultConfigurationName = Release;
		};
		OBJ_2 /* Build configuration list for PBXProject "Mantis" */ = {
			isa = XCConfigurationList;
			buildConfigurations = (
				OBJ_3 /* Debug */,
				OBJ_4 /* Release */,
			);
			defaultConfigurationIsVisible = 0;
			defaultConfigurationName = Release;
		};
		OBJ_65 /* Build configuration list for PBXNativeTarget "Mantis" */ = {
			isa = XCConfigurationList;
			buildConfigurations = (
				OBJ_66 /* Debug */,
				OBJ_67 /* Release */,
			);
			defaultConfigurationIsVisible = 0;
			defaultConfigurationName = Release;
		};
/* End XCConfigurationList section */
	};
	rootObject = OBJ_1 /* Project object */;
}
