// !$*UTF8*$!
{
	archiveVersion = 1;
	classes = {
	};
	objectVersion = 51;
	objects = {

/* Begin PBXBuildFile section */
		1AC3B46DF36D97844A4CEA4E /* Pods_MantisExampleTests.framework in Frameworks */ = {isa = PBXBuildFile; fileRef = B100014666B3974EEDE05B0C /* Pods_MantisExampleTests.framework */; };
		37F095D77401112C083BB830 /* Pods_MantisExample.framework in Frameworks */ = {isa = PBXBuildFile; fileRef = 3A7EAB9797A43C2A34E26823 /* Pods_MantisExample.framework */; };
		5F0852B5237918510031B75D /* ImagePicker.swift in Sources */ = {isa = PBXBuildFile; fileRef = 5F0852B4237918510031B75D /* ImagePicker.swift */; };
		5FC10B15217A9EDF00582874 /* AppDelegate.swift in Sources */ = {isa = PBXBuildFile; fileRef = 5FC10B14217A9EDF00582874 /* AppDelegate.swift */; };
		5FC10B17217A9EDF00582874 /* ViewController.swift in Sources */ = {isa = PBXBuildFile; fileRef = 5FC10B16217A9EDF00582874 /* ViewController.swift */; };
		5FC10B1A217A9EDF00582874 /* Main.storyboard in Resources */ = {isa = PBXBuildFile; fileRef = 5FC10B18217A9EDF00582874 /* Main.storyboard */; };
		5FC10B1C217A9EE100582874 /* Assets.xcassets in Resources */ = {isa = PBXBuildFile; fileRef = 5FC10B1B217A9EE100582874 /* Assets.xcassets */; };
		5FC10B1F217A9EE100582874 /* LaunchScreen.storyboard in Resources */ = {isa = PBXBuildFile; fileRef = 5FC10B1D217A9EE100582874 /* LaunchScreen.storyboard */; };
		5FC10B2A217A9EE100582874 /* MantisTests.swift in Sources */ = {isa = PBXBuildFile; fileRef = 5FC10B29217A9EE100582874 /* MantisTests.swift */; };
		5FD045EA245619D400B9D3D2 /* CustomizedCropToolbar.swift in Sources */ = {isa = PBXBuildFile; fileRef = 5FD045E9245619D400B9D3D2 /* CustomizedCropToolbar.swift */; };
		5FEBA88221961E4A0018DE62 /* EmbeddedCropViewController.swift in Sources */ = {isa = PBXBuildFile; fileRef = 5FEBA88121961E4A0018DE62 /* EmbeddedCropViewController.swift */; };
		66F909BD287B601A007E2FC6 /* MyNavigationCropToolbar.swift in Sources */ = {isa = PBXBuildFile; fileRef = 66F909BC287B601A007E2FC6 /* MyNavigationCropToolbar.swift */; };
		85DDBACD298E5A54004FBFE7 /* CustomViewController.swift in Sources */ = {isa = PBXBuildFile; fileRef = 85DDBACC298E5A54004FBFE7 /* CustomViewController.swift */; };
		CCBF2F602525B3050081B8FE /* CustomizedCropToolbarWithoutList.swift in Sources */ = {isa = PBXBuildFile; fileRef = CCBF2F5F2525B3050081B8FE /* CustomizedCropToolbarWithoutList.swift */; };
/* End PBXBuildFile section */

/* Begin PBXContainerItemProxy section */
		5FC10B26217A9EE100582874 /* PBXContainerItemProxy */ = {
			isa = PBXContainerItemProxy;
			containerPortal = 5FC10B09217A9EDF00582874 /* Project object */;
			proxyType = 1;
			remoteGlobalIDString = 5FC10B10217A9EDF00582874;
			remoteInfo = Mantis;
		};
/* End PBXContainerItemProxy section */

/* Begin PBXFileReference section */
		3A7EAB9797A43C2A34E26823 /* Pods_MantisExample.framework */ = {isa = PBXFileReference; explicitFileType = wrapper.framework; includeInIndex = 0; path = Pods_MantisExample.framework; sourceTree = BUILT_PRODUCTS_DIR; };
		3FC821D838EDAC646C860226 /* Pods-MantisExampleTests.debug.xcconfig */ = {isa = PBXFileReference; includeInIndex = 1; lastKnownFileType = text.xcconfig; name = "Pods-MantisExampleTests.debug.xcconfig"; path = "Target Support Files/Pods-MantisExampleTests/Pods-MantisExampleTests.debug.xcconfig"; sourceTree = "<group>"; };
		5F0852B4237918510031B75D /* ImagePicker.swift */ = {isa = PBXFileReference; lastKnownFileType = sourcecode.swift; path = ImagePicker.swift; sourceTree = "<group>"; };
		5F21BBB22448036100B7B0C2 /* Base */ = {isa = PBXFileReference; lastKnownFileType = file.storyboard; name = Base; path = Base.lproj/Main.storyboard; sourceTree = "<group>"; };
		5F21BBB32448036100B7B0C2 /* Base */ = {isa = PBXFileReference; lastKnownFileType = file.storyboard; name = Base; path = Base.lproj/LaunchScreen.storyboard; sourceTree = "<group>"; };
		5F90A3CA23DCEBE800D9F27E /* MantisExample.entitlements */ = {isa = PBXFileReference; lastKnownFileType = text.plist.entitlements; path = MantisExample.entitlements; sourceTree = "<group>"; };
		5F98E7B223DD04D9007456D9 /* zh-Hans */ = {isa = PBXFileReference; lastKnownFileType = file.storyboard; name = "zh-Hans"; path = "zh-Hans.lproj/Main.storyboard"; sourceTree = "<group>"; };
		5F98E7B323DD04D9007456D9 /* zh-Hans */ = {isa = PBXFileReference; lastKnownFileType = file.storyboard; name = "zh-Hans"; path = "zh-Hans.lproj/LaunchScreen.storyboard"; sourceTree = "<group>"; };
		5FC10B11217A9EDF00582874 /* MantisExample.app */ = {isa = PBXFileReference; explicitFileType = wrapper.application; includeInIndex = 0; path = MantisExample.app; sourceTree = BUILT_PRODUCTS_DIR; };
		5FC10B14217A9EDF00582874 /* AppDelegate.swift */ = {isa = PBXFileReference; lastKnownFileType = sourcecode.swift; path = AppDelegate.swift; sourceTree = "<group>"; };
		5FC10B16217A9EDF00582874 /* ViewController.swift */ = {isa = PBXFileReference; lastKnownFileType = sourcecode.swift; path = ViewController.swift; sourceTree = "<group>"; };
		5FC10B1B217A9EE100582874 /* Assets.xcassets */ = {isa = PBXFileReference; lastKnownFileType = folder.assetcatalog; path = Assets.xcassets; sourceTree = "<group>"; };
		5FC10B20217A9EE100582874 /* Info.plist */ = {isa = PBXFileReference; lastKnownFileType = text.plist.xml; path = Info.plist; sourceTree = "<group>"; };
		5FC10B25217A9EE100582874 /* MantisExampleTests.xctest */ = {isa = PBXFileReference; explicitFileType = wrapper.cfbundle; includeInIndex = 0; path = MantisExampleTests.xctest; sourceTree = BUILT_PRODUCTS_DIR; };
		5FC10B29217A9EE100582874 /* MantisTests.swift */ = {isa = PBXFileReference; lastKnownFileType = sourcecode.swift; path = MantisTests.swift; sourceTree = "<group>"; };
		5FC10B2B217A9EE100582874 /* Info.plist */ = {isa = PBXFileReference; lastKnownFileType = text.plist.xml; path = Info.plist; sourceTree = "<group>"; };
		5FD045E9245619D400B9D3D2 /* CustomizedCropToolbar.swift */ = {isa = PBXFileReference; lastKnownFileType = sourcecode.swift; path = CustomizedCropToolbar.swift; sourceTree = "<group>"; };
		5FEBA88121961E4A0018DE62 /* EmbeddedCropViewController.swift */ = {isa = PBXFileReference; lastKnownFileType = sourcecode.swift; path = EmbeddedCropViewController.swift; sourceTree = "<group>"; };
		61C386518C3C25E57F8C83A5 /* Pods-MantisExampleTests.release.xcconfig */ = {isa = PBXFileReference; includeInIndex = 1; lastKnownFileType = text.xcconfig; name = "Pods-MantisExampleTests.release.xcconfig"; path = "Target Support Files/Pods-MantisExampleTests/Pods-MantisExampleTests.release.xcconfig"; sourceTree = "<group>"; };
		66F909BC287B601A007E2FC6 /* MyNavigationCropToolbar.swift */ = {isa = PBXFileReference; lastKnownFileType = sourcecode.swift; path = MyNavigationCropToolbar.swift; sourceTree = "<group>"; };
		85DDBACC298E5A54004FBFE7 /* CustomViewController.swift */ = {isa = PBXFileReference; fileEncoding = 4; lastKnownFileType = sourcecode.swift; path = CustomViewController.swift; sourceTree = "<group>"; };
		89C5370690AB91AB238B90E9 /* Pods-MantisExample.release.xcconfig */ = {isa = PBXFileReference; includeInIndex = 1; lastKnownFileType = text.xcconfig; name = "Pods-MantisExample.release.xcconfig"; path = "Target Support Files/Pods-MantisExample/Pods-MantisExample.release.xcconfig"; sourceTree = "<group>"; };
		9326C1CDF121300C5CAAE2BE /* Pods-MantisExample.debug.xcconfig */ = {isa = PBXFileReference; includeInIndex = 1; lastKnownFileType = text.xcconfig; name = "Pods-MantisExample.debug.xcconfig"; path = "Target Support Files/Pods-MantisExample/Pods-MantisExample.debug.xcconfig"; sourceTree = "<group>"; };
		B100014666B3974EEDE05B0C /* Pods_MantisExampleTests.framework */ = {isa = PBXFileReference; explicitFileType = wrapper.framework; includeInIndex = 0; path = Pods_MantisExampleTests.framework; sourceTree = BUILT_PRODUCTS_DIR; };
		CCBF2F5F2525B3050081B8FE /* CustomizedCropToolbarWithoutList.swift */ = {isa = PBXFileReference; fileEncoding = 4; lastKnownFileType = sourcecode.swift; path = CustomizedCropToolbarWithoutList.swift; sourceTree = "<group>"; };
/* End PBXFileReference section */

/* Begin PBXFrameworksBuildPhase section */
		5FC10B0E217A9EDF00582874 /* Frameworks */ = {
			isa = PBXFrameworksBuildPhase;
			buildActionMask = 2147483647;
			files = (
				37F095D77401112C083BB830 /* Pods_MantisExample.framework in Frameworks */,
			);
			runOnlyForDeploymentPostprocessing = 0;
		};
		5FC10B22217A9EE100582874 /* Frameworks */ = {
			isa = PBXFrameworksBuildPhase;
			buildActionMask = 2147483647;
			files = (
				1AC3B46DF36D97844A4CEA4E /* Pods_MantisExampleTests.framework in Frameworks */,
			);
			runOnlyForDeploymentPostprocessing = 0;
		};
/* End PBXFrameworksBuildPhase section */

/* Begin PBXGroup section */
		5F3BE15921993A7C005C4BD8 /* Frameworks */ = {
			isa = PBXGroup;
			children = (
				3A7EAB9797A43C2A34E26823 /* Pods_MantisExample.framework */,
				B100014666B3974EEDE05B0C /* Pods_MantisExampleTests.framework */,
			);
			name = Frameworks;
			sourceTree = "<group>";
		};
		5FC10B08217A9EDF00582874 = {
			isa = PBXGroup;
			children = (
				66F909BC287B601A007E2FC6 /* MyNavigationCropToolbar.swift */,
				5F90A3CA23DCEBE800D9F27E /* MantisExample.entitlements */,
				5F0852B4237918510031B75D /* ImagePicker.swift */,
				5FC10B14217A9EDF00582874 /* AppDelegate.swift */,
				5FC10B16217A9EDF00582874 /* ViewController.swift */,
				85DDBACC298E5A54004FBFE7 /* CustomViewController.swift */,
				5FEBA88121961E4A0018DE62 /* EmbeddedCropViewController.swift */,
				CCBF2F5F2525B3050081B8FE /* CustomizedCropToolbarWithoutList.swift */,
				5FD045E9245619D400B9D3D2 /* CustomizedCropToolbar.swift */,
				5FC10B18217A9EDF00582874 /* Main.storyboard */,
				5FC10B1B217A9EE100582874 /* Assets.xcassets */,
				5FC10B1D217A9EE100582874 /* LaunchScreen.storyboard */,
				5FC10B20217A9EE100582874 /* Info.plist */,
				5FC10B28217A9EE100582874 /* MantisTests */,
				5FC10B12217A9EDF00582874 /* Products */,
				5F3BE15921993A7C005C4BD8 /* Frameworks */,
				69FD773286C6C5F5EF93B0A1 /* Pods */,
			);
			sourceTree = "<group>";
		};
		5FC10B12217A9EDF00582874 /* Products */ = {
			isa = PBXGroup;
			children = (
				5FC10B11217A9EDF00582874 /* MantisExample.app */,
				5FC10B25217A9EE100582874 /* MantisExampleTests.xctest */,
			);
			name = Products;
			sourceTree = "<group>";
		};
		5FC10B28217A9EE100582874 /* MantisTests */ = {
			isa = PBXGroup;
			children = (
				5FC10B29217A9EE100582874 /* MantisTests.swift */,
				5FC10B2B217A9EE100582874 /* Info.plist */,
			);
			path = MantisTests;
			sourceTree = "<group>";
		};
		69FD773286C6C5F5EF93B0A1 /* Pods */ = {
			isa = PBXGroup;
			children = (
				9326C1CDF121300C5CAAE2BE /* Pods-MantisExample.debug.xcconfig */,
				89C5370690AB91AB238B90E9 /* Pods-MantisExample.release.xcconfig */,
				3FC821D838EDAC646C860226 /* Pods-MantisExampleTests.debug.xcconfig */,
				61C386518C3C25E57F8C83A5 /* Pods-MantisExampleTests.release.xcconfig */,
			);
			path = Pods;
			sourceTree = "<group>";
		};
/* End PBXGroup section */

/* Begin PBXNativeTarget section */
		5FC10B10217A9EDF00582874 /* MantisExample */ = {
			isa = PBXNativeTarget;
			buildConfigurationList = 5FC10B2E217A9EE100582874 /* Build configuration list for PBXNativeTarget "MantisExample" */;
			buildPhases = (
				020B488548830170A3B3F140 /* [CP] Check Pods Manifest.lock */,
				5FC10B0D217A9EDF00582874 /* Sources */,
				5FC10B0E217A9EDF00582874 /* Frameworks */,
				5FC10B0F217A9EDF00582874 /* Resources */,
				800F1564269B4B40CE61575F /* [CP] Embed Pods Frameworks */,
			);
			buildRules = (
			);
			dependencies = (
			);
			name = MantisExample;
			productName = Mantis;
			productReference = 5FC10B11217A9EDF00582874 /* MantisExample.app */;
			productType = "com.apple.product-type.application";
		};
		5FC10B24217A9EE100582874 /* MantisExampleTests */ = {
			isa = PBXNativeTarget;
			buildConfigurationList = 5FC10B31217A9EE100582874 /* Build configuration list for PBXNativeTarget "MantisExampleTests" */;
			buildPhases = (
				B990B0C0191568D739FE220D /* [CP] Check Pods Manifest.lock */,
				5FC10B21217A9EE100582874 /* Sources */,
				5FC10B22217A9EE100582874 /* Frameworks */,
				5FC10B23217A9EE100582874 /* Resources */,
			);
			buildRules = (
			);
			dependencies = (
				5FC10B27217A9EE100582874 /* PBXTargetDependency */,
			);
			name = MantisExampleTests;
			productName = MantisTests;
			productReference = 5FC10B25217A9EE100582874 /* MantisExampleTests.xctest */;
			productType = "com.apple.product-type.bundle.unit-test";
		};
/* End PBXNativeTarget section */

/* Begin PBXProject section */
		5FC10B09217A9EDF00582874 /* Project object */ = {
			isa = PBXProject;
			attributes = {
				LastSwiftUpdateCheck = 1000;
				LastUpgradeCheck = 1200;
				ORGANIZATIONNAME = Echo;
				TargetAttributes = {
					5FC10B10217A9EDF00582874 = {
						CreatedOnToolsVersion = 10.0;
						LastSwiftMigration = 1020;
					};
					5FC10B24217A9EE100582874 = {
						CreatedOnToolsVersion = 10.0;
						LastSwiftMigration = 1020;
						TestTargetID = 5FC10B10217A9EDF00582874;
					};
				};
			};
			buildConfigurationList = 5FC10B0C217A9EDF00582874 /* Build configuration list for PBXProject "MantisExample" */;
			compatibilityVersion = "Xcode 9.3";
			developmentRegion = en;
			hasScannedForEncodings = 0;
			knownRegions = (
				en,
				"zh-Hans",
				Base,
			);
			mainGroup = 5FC10B08217A9EDF00582874;
			productRefGroup = 5FC10B12217A9EDF00582874 /* Products */;
			projectDirPath = "";
			projectRoot = "";
			targets = (
				5FC10B10217A9EDF00582874 /* MantisExample */,
				5FC10B24217A9EE100582874 /* MantisExampleTests */,
			);
		};
/* End PBXProject section */

/* Begin PBXResourcesBuildPhase section */
		5FC10B0F217A9EDF00582874 /* Resources */ = {
			isa = PBXResourcesBuildPhase;
			buildActionMask = 2147483647;
			files = (
				5FC10B1F217A9EE100582874 /* LaunchScreen.storyboard in Resources */,
				5FC10B1C217A9EE100582874 /* Assets.xcassets in Resources */,
				5FC10B1A217A9EDF00582874 /* Main.storyboard in Resources */,
			);
			runOnlyForDeploymentPostprocessing = 0;
		};
		5FC10B23217A9EE100582874 /* Resources */ = {
			isa = PBXResourcesBuildPhase;
			buildActionMask = 2147483647;
			files = (
			);
			runOnlyForDeploymentPostprocessing = 0;
		};
/* End PBXResourcesBuildPhase section */

/* Begin PBXShellScriptBuildPhase section */
		020B488548830170A3B3F140 /* [CP] Check Pods Manifest.lock */ = {
			isa = PBXShellScriptBuildPhase;
			buildActionMask = 2147483647;
			files = (
			);
			inputFileListPaths = (
			);
			inputPaths = (
				"${PODS_PODFILE_DIR_PATH}/Podfile.lock",
				"${PODS_ROOT}/Manifest.lock",
			);
			name = "[CP] Check Pods Manifest.lock";
			outputFileListPaths = (
			);
			outputPaths = (
				"$(DERIVED_FILE_DIR)/Pods-MantisExample-checkManifestLockResult.txt",
			);
			runOnlyForDeploymentPostprocessing = 0;
			shellPath = /bin/sh;
			shellScript = "diff \"${PODS_PODFILE_DIR_PATH}/Podfile.lock\" \"${PODS_ROOT}/Manifest.lock\" > /dev/null\nif [ $? != 0 ] ; then\n    # print error to STDERR\n    echo \"error: The sandbox is not in sync with the Podfile.lock. Run 'pod install' or update your CocoaPods installation.\" >&2\n    exit 1\nfi\n# This output is used by Xcode 'outputs' to avoid re-running this script phase.\necho \"SUCCESS\" > \"${SCRIPT_OUTPUT_FILE_0}\"\n";
			showEnvVarsInLog = 0;
		};
		800F1564269B4B40CE61575F /* [CP] Embed Pods Frameworks */ = {
			isa = PBXShellScriptBuildPhase;
			buildActionMask = 2147483647;
			files = (
			);
			inputFileListPaths = (
				"${PODS_ROOT}/Target Support Files/Pods-MantisExample/Pods-MantisExample-frameworks-${CONFIGURATION}-input-files.xcfilelist",
			);
			name = "[CP] Embed Pods Frameworks";
			outputFileListPaths = (
				"${PODS_ROOT}/Target Support Files/Pods-MantisExample/Pods-MantisExample-frameworks-${CONFIGURATION}-output-files.xcfilelist",
			);
			runOnlyForDeploymentPostprocessing = 0;
			shellPath = /bin/sh;
			shellScript = "\"${PODS_ROOT}/Target Support Files/Pods-MantisExample/Pods-MantisExample-frameworks.sh\"\n";
			showEnvVarsInLog = 0;
		};
		B990B0C0191568D739FE220D /* [CP] Check Pods Manifest.lock */ = {
			isa = PBXShellScriptBuildPhase;
			buildActionMask = 2147483647;
			files = (
			);
			inputFileListPaths = (
			);
			inputPaths = (
				"${PODS_PODFILE_DIR_PATH}/Podfile.lock",
				"${PODS_ROOT}/Manifest.lock",
			);
			name = "[CP] Check Pods Manifest.lock";
			outputFileListPaths = (
			);
			outputPaths = (
				"$(DERIVED_FILE_DIR)/Pods-MantisExampleTests-checkManifestLockResult.txt",
			);
			runOnlyForDeploymentPostprocessing = 0;
			shellPath = /bin/sh;
			shellScript = "diff \"${PODS_PODFILE_DIR_PATH}/Podfile.lock\" \"${PODS_ROOT}/Manifest.lock\" > /dev/null\nif [ $? != 0 ] ; then\n    # print error to STDERR\n    echo \"error: The sandbox is not in sync with the Podfile.lock. Run 'pod install' or update your CocoaPods installation.\" >&2\n    exit 1\nfi\n# This output is used by Xcode 'outputs' to avoid re-running this script phase.\necho \"SUCCESS\" > \"${SCRIPT_OUTPUT_FILE_0}\"\n";
			showEnvVarsInLog = 0;
		};
/* End PBXShellScriptBuildPhase section */

/* Begin PBXSourcesBuildPhase section */
		5FC10B0D217A9EDF00582874 /* Sources */ = {
			isa = PBXSourcesBuildPhase;
			buildActionMask = 2147483647;
			files = (
				5FD045EA245619D400B9D3D2 /* CustomizedCropToolbar.swift in Sources */,
				5FC10B17217A9EDF00582874 /* ViewController.swift in Sources */,
				5F0852B5237918510031B75D /* ImagePicker.swift in Sources */,
				CCBF2F602525B3050081B8FE /* CustomizedCropToolbarWithoutList.swift in Sources */,
				5FEBA88221961E4A0018DE62 /* EmbeddedCropViewController.swift in Sources */,
				66F909BD287B601A007E2FC6 /* MyNavigationCropToolbar.swift in Sources */,
				5FC10B15217A9EDF00582874 /* AppDelegate.swift in Sources */,
				85DDBACD298E5A54004FBFE7 /* CustomViewController.swift in Sources */,
			);
			runOnlyForDeploymentPostprocessing = 0;
		};
		5FC10B21217A9EE100582874 /* Sources */ = {
			isa = PBXSourcesBuildPhase;
			buildActionMask = 2147483647;
			files = (
				5FC10B2A217A9EE100582874 /* MantisTests.swift in Sources */,
			);
			runOnlyForDeploymentPostprocessing = 0;
		};
/* End PBXSourcesBuildPhase section */

/* Begin PBXTargetDependency section */
		5FC10B27217A9EE100582874 /* PBXTargetDependency */ = {
			isa = PBXTargetDependency;
			target = 5FC10B10217A9EDF00582874 /* MantisExample */;
			targetProxy = 5FC10B26217A9EE100582874 /* PBXContainerItemProxy */;
		};
/* End PBXTargetDependency section */

/* Begin PBXVariantGroup section */
		5FC10B18217A9EDF00582874 /* Main.storyboard */ = {
			isa = PBXVariantGroup;
			children = (
				5F98E7B223DD04D9007456D9 /* zh-Hans */,
				5F21BBB22448036100B7B0C2 /* Base */,
			);
			name = Main.storyboard;
			sourceTree = "<group>";
		};
		5FC10B1D217A9EE100582874 /* LaunchScreen.storyboard */ = {
			isa = PBXVariantGroup;
			children = (
				5F98E7B323DD04D9007456D9 /* zh-Hans */,
				5F21BBB32448036100B7B0C2 /* Base */,
			);
			name = LaunchScreen.storyboard;
			sourceTree = "<group>";
		};
/* End PBXVariantGroup section */

/* Begin XCBuildConfiguration section */
		5FC10B2C217A9EE100582874 /* Debug */ = {
			isa = XCBuildConfiguration;
			buildSettings = {
				ALWAYS_SEARCH_USER_PATHS = NO;
				CLANG_ANALYZER_LOCALIZABILITY_NONLOCALIZED = YES;
				CLANG_ANALYZER_NONNULL = YES;
				CLANG_ANALYZER_NUMBER_OBJECT_CONVERSION = YES_AGGRESSIVE;
				CLANG_CXX_LANGUAGE_STANDARD = "gnu++14";
				CLANG_CXX_LIBRARY = "libc++";
				CLANG_ENABLE_MODULES = YES;
				CLANG_ENABLE_OBJC_ARC = YES;
				CLANG_ENABLE_OBJC_WEAK = YES;
				CLANG_WARN_BLOCK_CAPTURE_AUTORELEASING = YES;
				CLANG_WARN_BOOL_CONVERSION = YES;
				CLANG_WARN_COMMA = YES;
				CLANG_WARN_CONSTANT_CONVERSION = YES;
				CLANG_WARN_DEPRECATED_OBJC_IMPLEMENTATIONS = YES;
				CLANG_WARN_DIRECT_OBJC_ISA_USAGE = YES_ERROR;
				CLANG_WARN_DOCUMENTATION_COMMENTS = YES;
				CLANG_WARN_EMPTY_BODY = YES;
				CLANG_WARN_ENUM_CONVERSION = YES;
				CLANG_WARN_INFINITE_RECURSION = YES;
				CLANG_WARN_INT_CONVERSION = YES;
				CLANG_WARN_NON_LITERAL_NULL_CONVERSION = YES;
				CLANG_WARN_OBJC_IMPLICIT_RETAIN_SELF = YES;
				CLANG_WARN_OBJC_LITERAL_CONVERSION = YES;
				CLANG_WARN_OBJC_ROOT_CLASS = YES_ERROR;
				CLANG_WARN_QUOTED_INCLUDE_IN_FRAMEWORK_HEADER = YES;
				CLANG_WARN_RANGE_LOOP_ANALYSIS = YES;
				CLANG_WARN_STRICT_PROTOTYPES = YES;
				CLANG_WARN_SUSPICIOUS_MOVE = YES;
				CLANG_WARN_UNGUARDED_AVAILABILITY = YES_AGGRESSIVE;
				CLANG_WARN_UNREACHABLE_CODE = YES;
				CLANG_WARN__DUPLICATE_METHOD_MATCH = YES;
				CODE_SIGN_IDENTITY = "iPhone Developer";
				COPY_PHASE_STRIP = NO;
				DEBUG_INFORMATION_FORMAT = dwarf;
				ENABLE_STRICT_OBJC_MSGSEND = YES;
				ENABLE_TESTABILITY = YES;
				GCC_C_LANGUAGE_STANDARD = gnu11;
				GCC_DYNAMIC_NO_PIC = NO;
				GCC_NO_COMMON_BLOCKS = YES;
				GCC_OPTIMIZATION_LEVEL = 0;
				GCC_PREPROCESSOR_DEFINITIONS = (
					"DEBUG=1",
					"$(inherited)",
				);
				GCC_WARN_64_TO_32_BIT_CONVERSION = YES;
				GCC_WARN_ABOUT_RETURN_TYPE = YES_ERROR;
				GCC_WARN_UNDECLARED_SELECTOR = YES;
				GCC_WARN_UNINITIALIZED_AUTOS = YES_AGGRESSIVE;
				GCC_WARN_UNUSED_FUNCTION = YES;
				GCC_WARN_UNUSED_VARIABLE = YES;
				IPHONEOS_DEPLOYMENT_TARGET = 13.0;
				MTL_ENABLE_DEBUG_INFO = INCLUDE_SOURCE;
				MTL_FAST_MATH = YES;
				ONLY_ACTIVE_ARCH = YES;
				SDKROOT = iphoneos;
				SWIFT_ACTIVE_COMPILATION_CONDITIONS = DEBUG;
				SWIFT_OPTIMIZATION_LEVEL = "-Onone";
			};
			name = Debug;
		};
		5FC10B2D217A9EE100582874 /* Release */ = {
			isa = XCBuildConfiguration;
			buildSettings = {
				ALWAYS_SEARCH_USER_PATHS = NO;
				CLANG_ANALYZER_LOCALIZABILITY_NONLOCALIZED = YES;
				CLANG_ANALYZER_NONNULL = YES;
				CLANG_ANALYZER_NUMBER_OBJECT_CONVERSION = YES_AGGRESSIVE;
				CLANG_CXX_LANGUAGE_STANDARD = "gnu++14";
				CLANG_CXX_LIBRARY = "libc++";
				CLANG_ENABLE_MODULES = YES;
				CLANG_ENABLE_OBJC_ARC = YES;
				CLANG_ENABLE_OBJC_WEAK = YES;
				CLANG_WARN_BLOCK_CAPTURE_AUTORELEASING = YES;
				CLANG_WARN_BOOL_CONVERSION = YES;
				CLANG_WARN_COMMA = YES;
				CLANG_WARN_CONSTANT_CONVERSION = YES;
				CLANG_WARN_DEPRECATED_OBJC_IMPLEMENTATIONS = YES;
				CLANG_WARN_DIRECT_OBJC_ISA_USAGE = YES_ERROR;
				CLANG_WARN_DOCUMENTATION_COMMENTS = YES;
				CLANG_WARN_EMPTY_BODY = YES;
				CLANG_WARN_ENUM_CONVERSION = YES;
				CLANG_WARN_INFINITE_RECURSION = YES;
				CLANG_WARN_INT_CONVERSION = YES;
				CLANG_WARN_NON_LITERAL_NULL_CONVERSION = YES;
				CLANG_WARN_OBJC_IMPLICIT_RETAIN_SELF = YES;
				CLANG_WARN_OBJC_LITERAL_CONVERSION = YES;
				CLANG_WARN_OBJC_ROOT_CLASS = YES_ERROR;
				CLANG_WARN_QUOTED_INCLUDE_IN_FRAMEWORK_HEADER = YES;
				CLANG_WARN_RANGE_LOOP_ANALYSIS = YES;
				CLANG_WARN_STRICT_PROTOTYPES = YES;
				CLANG_WARN_SUSPICIOUS_MOVE = YES;
				CLANG_WARN_UNGUARDED_AVAILABILITY = YES_AGGRESSIVE;
				CLANG_WARN_UNREACHABLE_CODE = YES;
				CLANG_WARN__DUPLICATE_METHOD_MATCH = YES;
				CODE_SIGN_IDENTITY = "iPhone Developer";
				COPY_PHASE_STRIP = NO;
				DEBUG_INFORMATION_FORMAT = "dwarf-with-dsym";
				ENABLE_NS_ASSERTIONS = NO;
				ENABLE_STRICT_OBJC_MSGSEND = YES;
				GCC_C_LANGUAGE_STANDARD = gnu11;
				GCC_NO_COMMON_BLOCKS = YES;
				GCC_WARN_64_TO_32_BIT_CONVERSION = YES;
				GCC_WARN_ABOUT_RETURN_TYPE = YES_ERROR;
				GCC_WARN_UNDECLARED_SELECTOR = YES;
				GCC_WARN_UNINITIALIZED_AUTOS = YES_AGGRESSIVE;
				GCC_WARN_UNUSED_FUNCTION = YES;
				GCC_WARN_UNUSED_VARIABLE = YES;
				IPHONEOS_DEPLOYMENT_TARGET = 13.0;
				MTL_ENABLE_DEBUG_INFO = NO;
				MTL_FAST_MATH = YES;
				SDKROOT = iphoneos;
				SWIFT_COMPILATION_MODE = wholemodule;
				SWIFT_OPTIMIZATION_LEVEL = "-O";
				VALIDATE_PRODUCT = YES;
			};
			name = Release;
		};
		5FC10B2F217A9EE100582874 /* Debug */ = {
			isa = XCBuildConfiguration;
			baseConfigurationReference = 9326C1CDF121300C5CAAE2BE /* Pods-MantisExample.debug.xcconfig */;
			buildSettings = {
				ASSETCATALOG_COMPILER_APPICON_NAME = AppIcon;
				CODE_SIGN_ENTITLEMENTS = MantisExample.entitlements;
				"CODE_SIGN_IDENTITY[sdk=macosx*]" = "-";
				CODE_SIGN_STYLE = Automatic;
				CURRENT_PROJECT_VERSION = 1;
				DERIVE_MACCATALYST_PRODUCT_BUNDLE_IDENTIFIER = YES;
				DEVELOPMENT_TEAM = 3V26Q55U3S;
				INFOPLIST_FILE = "$(SRCROOT)/Info.plist";
				IPHONEOS_DEPLOYMENT_TARGET = 13.0;
				LD_RUNPATH_SEARCH_PATHS = (
					"$(inherited)",
					"@executable_path/Frameworks",
				);
				MARKETING_VERSION = 1.0.1;
				PRODUCT_BUNDLE_IDENTIFIER = com.echo.MantisExample;
				PRODUCT_NAME = "$(TARGET_NAME)";
				SUPPORTS_MACCATALYST = YES;
				SWIFT_VERSION = 5.0;
				TARGETED_DEVICE_FAMILY = "1,2";
			};
			name = Debug;
		};
		5FC10B30217A9EE100582874 /* Release */ = {
			isa = XCBuildConfiguration;
			baseConfigurationReference = 89C5370690AB91AB238B90E9 /* Pods-MantisExample.release.xcconfig */;
			buildSettings = {
				ASSETCATALOG_COMPILER_APPICON_NAME = AppIcon;
				CODE_SIGN_ENTITLEMENTS = MantisExample.entitlements;
				"CODE_SIGN_IDENTITY[sdk=macosx*]" = "-";
				CODE_SIGN_STYLE = Automatic;
				CURRENT_PROJECT_VERSION = 1;
				DERIVE_MACCATALYST_PRODUCT_BUNDLE_IDENTIFIER = YES;
				DEVELOPMENT_TEAM = 3V26Q55U3S;
				INFOPLIST_FILE = "$(SRCROOT)/Info.plist";
				IPHONEOS_DEPLOYMENT_TARGET = 13.0;
				LD_RUNPATH_SEARCH_PATHS = (
					"$(inherited)",
					"@executable_path/Frameworks",
				);
				MARKETING_VERSION = 1.0.1;
				PRODUCT_BUNDLE_IDENTIFIER = com.echo.MantisExample;
				PRODUCT_NAME = "$(TARGET_NAME)";
				SUPPORTS_MACCATALYST = YES;
				SWIFT_VERSION = 5.0;
				TARGETED_DEVICE_FAMILY = "1,2";
			};
			name = Release;
		};
		5FC10B32217A9EE100582874 /* Debug */ = {
			isa = XCBuildConfiguration;
			baseConfigurationReference = 3FC821D838EDAC646C860226 /* Pods-MantisExampleTests.debug.xcconfig */;
			buildSettings = {
				ALWAYS_EMBED_SWIFT_STANDARD_LIBRARIES = YES;
				BUNDLE_LOADER = "$(TEST_HOST)";
				"CODE_SIGN_IDENTITY[sdk=macosx*]" = "-";
				CODE_SIGN_STYLE = Automatic;
				DEVELOPMENT_TEAM = 3V26Q55U3S;
				INFOPLIST_FILE = MantisTests/Info.plist;
				LD_RUNPATH_SEARCH_PATHS = (
					"$(inherited)",
					"@executable_path/Frameworks",
					"@loader_path/Frameworks",
				);
				PRODUCT_BUNDLE_IDENTIFIER = com.echo.MantisTests;
				PRODUCT_NAME = "$(TARGET_NAME)";
				SWIFT_VERSION = 5.0;
				TARGETED_DEVICE_FAMILY = "1,2";
				TEST_HOST = "$(BUILT_PRODUCTS_DIR)/MantisExample.app/MantisExample";
			};
			name = Debug;
		};
		5FC10B33217A9EE100582874 /* Release */ = {
			isa = XCBuildConfiguration;
			baseConfigurationReference = 61C386518C3C25E57F8C83A5 /* Pods-MantisExampleTests.release.xcconfig */;
			buildSettings = {
				ALWAYS_EMBED_SWIFT_STANDARD_LIBRARIES = YES;
				BUNDLE_LOADER = "$(TEST_HOST)";
				"CODE_SIGN_IDENTITY[sdk=macosx*]" = "-";
				CODE_SIGN_STYLE = Automatic;
				DEVELOPMENT_TEAM = 3V26Q55U3S;
				INFOPLIST_FILE = MantisTests/Info.plist;
				LD_RUNPATH_SEARCH_PATHS = (
					"$(inherited)",
					"@executable_path/Frameworks",
					"@loader_path/Frameworks",
				);
				PRODUCT_BUNDLE_IDENTIFIER = com.echo.MantisTests;
				PRODUCT_NAME = "$(TARGET_NAME)";
				SWIFT_VERSION = 5.0;
				TARGETED_DEVICE_FAMILY = "1,2";
				TEST_HOST = "$(BUILT_PRODUCTS_DIR)/MantisExample.app/MantisExample";
			};
			name = Release;
		};
/* End XCBuildConfiguration section */

/* Begin XCConfigurationList section */
		5FC10B0C217A9EDF00582874 /* Build configuration list for PBXProject "MantisExample" */ = {
			isa = XCConfigurationList;
			buildConfigurations = (
				5FC10B2C217A9EE100582874 /* Debug */,
				5FC10B2D217A9EE100582874 /* Release */,
			);
			defaultConfigurationIsVisible = 0;
			defaultConfigurationName = Release;
		};
		5FC10B2E217A9EE100582874 /* Build configuration list for PBXNativeTarget "MantisExample" */ = {
			isa = XCConfigurationList;
			buildConfigurations = (
				5FC10B2F217A9EE100582874 /* Debug */,
				5FC10B30217A9EE100582874 /* Release */,
			);
			defaultConfigurationIsVisible = 0;
			defaultConfigurationName = Release;
		};
		5FC10B31217A9EE100582874 /* Build configuration list for PBXNativeTarget "MantisExampleTests" */ = {
			isa = XCConfigurationList;
			buildConfigurations = (
				5FC10B32217A9EE100582874 /* Debug */,
				5FC10B33217A9EE100582874 /* Release */,
			);
			defaultConfigurationIsVisible = 0;
			defaultConfigurationName = Release;
		};
/* End XCConfigurationList section */
	};
	rootObject = 5FC10B09217A9EDF00582874 /* Project object */;
}
